// !$*UTF8*$!
{
	archiveVersion = 1;
	classes = {
	};
	objectVersion = 46;
	objects = {

/* Begin PBXBuildFile section */
		191F31E31F623A1E001D757D /* DITWeCharContactsSearchResultController.m in Sources */ = {isa = PBXBuildFile; fileRef = 191F31E21F623A1E001D757D /* DITWeCharContactsSearchResultController.m */; };
		191F31E71F658475001D757D /* DITWeChatChatTableViewController.m in Sources */ = {isa = PBXBuildFile; fileRef = 191F31E61F658475001D757D /* DITWeChatChatTableViewController.m */; };
		1926211B1F612749004ECA8E /* DITWeChatContactModel.m in Sources */ = {isa = PBXBuildFile; fileRef = 1926211A1F612749004ECA8E /* DITWeChatContactModel.m */; };
		1926211E1F6197CB004ECA8E /* DITWeChatContactsTableViewCell.m in Sources */ = {isa = PBXBuildFile; fileRef = 1926211D1F6197CB004ECA8E /* DITWeChatContactsTableViewCell.m */; };
		193AF8161E48C03E00F35FE4 /* main.m in Sources */ = {isa = PBXBuildFile; fileRef = 193AF8151E48C03E00F35FE4 /* main.m */; };
		193AF81F1E48C03E00F35FE4 /* Main.storyboard in Resources */ = {isa = PBXBuildFile; fileRef = 193AF81D1E48C03E00F35FE4 /* Main.storyboard */; };
		193AF8211E48C03E00F35FE4 /* Assets.xcassets in Resources */ = {isa = PBXBuildFile; fileRef = 193AF8201E48C03E00F35FE4 /* Assets.xcassets */; };
		193AF8241E48C03E00F35FE4 /* LaunchScreen.storyboard in Resources */ = {isa = PBXBuildFile; fileRef = 193AF8221E48C03E00F35FE4 /* LaunchScreen.storyboard */; };
		193AF82F1E48C03E00F35FE4 /* DiTingTests.m in Sources */ = {isa = PBXBuildFile; fileRef = 193AF82E1E48C03E00F35FE4 /* DiTingTests.m */; };
		193AF83A1E48C03E00F35FE4 /* DiTingUITests.m in Sources */ = {isa = PBXBuildFile; fileRef = 193AF8391E48C03E00F35FE4 /* DiTingUITests.m */; };
		193EA9F71E4E0E14008EF309 /* mainList.plist in Resources */ = {isa = PBXBuildFile; fileRef = 193EA9F61E4E0E14008EF309 /* mainList.plist */; };
		19A2D7EB1F48955A00341A7E /* ViewController.m in Sources */ = {isa = PBXBuildFile; fileRef = 19A2D7DB1F48955A00341A7E /* ViewController.m */; };
		19A2D7EC1F48955A00341A7E /* AppDelegate.m in Sources */ = {isa = PBXBuildFile; fileRef = 19A2D7DE1F48955A00341A7E /* AppDelegate.m */; };
		19A2D8161F4C813700341A7E /* DITWeChatContactsViewController.m in Sources */ = {isa = PBXBuildFile; fileRef = 19A2D7FB1F4C813700341A7E /* DITWeChatContactsViewController.m */; };
		19A2D8171F4C813700341A7E /* DITWeChatDiscoverViewController.m in Sources */ = {isa = PBXBuildFile; fileRef = 19A2D8011F4C813700341A7E /* DITWeChatDiscoverViewController.m */; };
		19A2D8181F4C813700341A7E /* DITWeChatHomeViewController.m in Sources */ = {isa = PBXBuildFile; fileRef = 19A2D8071F4C813700341A7E /* DITWeChatHomeViewController.m */; };
		19A2D8191F4C813700341A7E /* DITWeChatTabBarController.m in Sources */ = {isa = PBXBuildFile; fileRef = 19A2D80D1F4C813700341A7E /* DITWeChatTabBarController.m */; };
		19A2D81A1F4C813700341A7E /* DITWeChatProfileViewController.m in Sources */ = {isa = PBXBuildFile; fileRef = 19A2D8131F4C813700341A7E /* DITWeChatProfileViewController.m */; };
		19A2D81D1F4C815F00341A7E /* DITWeChatHomeTableViewCell.m in Sources */ = {isa = PBXBuildFile; fileRef = 19A2D81C1F4C815F00341A7E /* DITWeChatHomeTableViewCell.m */; };
		19A2D8201F4C832A00341A7E /* DITWeChatHomeModel.m in Sources */ = {isa = PBXBuildFile; fileRef = 19A2D81F1F4C832A00341A7E /* DITWeChatHomeModel.m */; };
		19F769931F5C48D90050775C /* Info.plist in Resources */ = {isa = PBXBuildFile; fileRef = 19F769791F5C48D90050775C /* Info.plist */; };
		19F769941F5C48D90050775C /* MASCompositeConstraint.m in Sources */ = {isa = PBXBuildFile; fileRef = 19F7697B1F5C48D90050775C /* MASCompositeConstraint.m */; };
		19F769951F5C48D90050775C /* MASConstraint.m in Sources */ = {isa = PBXBuildFile; fileRef = 19F7697E1F5C48D90050775C /* MASConstraint.m */; };
		19F769961F5C48D90050775C /* MASConstraintMaker.m in Sources */ = {isa = PBXBuildFile; fileRef = 19F769801F5C48D90050775C /* MASConstraintMaker.m */; };
		19F769971F5C48D90050775C /* MASLayoutConstraint.m in Sources */ = {isa = PBXBuildFile; fileRef = 19F769821F5C48D90050775C /* MASLayoutConstraint.m */; };
		19F769981F5C48D90050775C /* MASViewAttribute.m in Sources */ = {isa = PBXBuildFile; fileRef = 19F769861F5C48D90050775C /* MASViewAttribute.m */; };
		19F769991F5C48D90050775C /* MASViewConstraint.m in Sources */ = {isa = PBXBuildFile; fileRef = 19F769881F5C48D90050775C /* MASViewConstraint.m */; };
		19F7699A1F5C48D90050775C /* NSArray+MASAdditions.m in Sources */ = {isa = PBXBuildFile; fileRef = 19F7698A1F5C48D90050775C /* NSArray+MASAdditions.m */; };
		19F7699B1F5C48D90050775C /* NSLayoutConstraint+MASDebugAdditions.m in Sources */ = {isa = PBXBuildFile; fileRef = 19F7698D1F5C48D90050775C /* NSLayoutConstraint+MASDebugAdditions.m */; };
		19F7699C1F5C48D90050775C /* View+MASAdditions.m in Sources */ = {isa = PBXBuildFile; fileRef = 19F7698F1F5C48D90050775C /* View+MASAdditions.m */; };
		19F7699D1F5C48D90050775C /* ViewController+MASAdditions.m in Sources */ = {isa = PBXBuildFile; fileRef = 19F769921F5C48D90050775C /* ViewController+MASAdditions.m */; };
		19F769AC1F5C48EA0050775C /* AFHTTPSessionManager.m in Sources */ = {isa = PBXBuildFile; fileRef = 19F769A01F5C48EA0050775C /* AFHTTPSessionManager.m */; };
		19F769AD1F5C48EA0050775C /* AFNetworkReachabilityManager.m in Sources */ = {isa = PBXBuildFile; fileRef = 19F769A31F5C48EA0050775C /* AFNetworkReachabilityManager.m */; };
		19F769AE1F5C48EA0050775C /* AFSecurityPolicy.m in Sources */ = {isa = PBXBuildFile; fileRef = 19F769A51F5C48EA0050775C /* AFSecurityPolicy.m */; };
		19F769AF1F5C48EA0050775C /* AFURLRequestSerialization.m in Sources */ = {isa = PBXBuildFile; fileRef = 19F769A71F5C48EA0050775C /* AFURLRequestSerialization.m */; };
		19F769B01F5C48EA0050775C /* AFURLResponseSerialization.m in Sources */ = {isa = PBXBuildFile; fileRef = 19F769A91F5C48EA0050775C /* AFURLResponseSerialization.m */; };
		19F769B11F5C48EA0050775C /* AFURLSessionManager.m in Sources */ = {isa = PBXBuildFile; fileRef = 19F769AB1F5C48EA0050775C /* AFURLSessionManager.m */; };
/* End PBXBuildFile section */

/* Begin PBXContainerItemProxy section */
		193AF82B1E48C03E00F35FE4 /* PBXContainerItemProxy */ = {
			isa = PBXContainerItemProxy;
			containerPortal = 193AF8091E48C03E00F35FE4 /* Project object */;
			proxyType = 1;
			remoteGlobalIDString = 193AF8101E48C03E00F35FE4;
			remoteInfo = DiTing;
		};
		193AF8361E48C03E00F35FE4 /* PBXContainerItemProxy */ = {
			isa = PBXContainerItemProxy;
			containerPortal = 193AF8091E48C03E00F35FE4 /* Project object */;
			proxyType = 1;
			remoteGlobalIDString = 193AF8101E48C03E00F35FE4;
			remoteInfo = DiTing;
		};
/* End PBXContainerItemProxy section */

/* Begin PBXFileReference section */
		191F31E11F623A1E001D757D /* DITWeCharContactsSearchResultController.h */ = {isa = PBXFileReference; fileEncoding = 4; lastKnownFileType = sourcecode.c.h; path = DITWeCharContactsSearchResultController.h; sourceTree = "<group>"; };
		191F31E21F623A1E001D757D /* DITWeCharContactsSearchResultController.m */ = {isa = PBXFileReference; fileEncoding = 4; lastKnownFileType = sourcecode.c.objc; path = DITWeCharContactsSearchResultController.m; sourceTree = "<group>"; };
		191F31E51F658475001D757D /* DITWeChatChatTableViewController.h */ = {isa = PBXFileReference; fileEncoding = 4; lastKnownFileType = sourcecode.c.h; path = DITWeChatChatTableViewController.h; sourceTree = "<group>"; };
		191F31E61F658475001D757D /* DITWeChatChatTableViewController.m */ = {isa = PBXFileReference; fileEncoding = 4; lastKnownFileType = sourcecode.c.objc; path = DITWeChatChatTableViewController.m; sourceTree = "<group>"; };
		192621191F612749004ECA8E /* DITWeChatContactModel.h */ = {isa = PBXFileReference; fileEncoding = 4; lastKnownFileType = sourcecode.c.h; path = DITWeChatContactModel.h; sourceTree = "<group>"; };
		1926211A1F612749004ECA8E /* DITWeChatContactModel.m */ = {isa = PBXFileReference; fileEncoding = 4; lastKnownFileType = sourcecode.c.objc; path = DITWeChatContactModel.m; sourceTree = "<group>"; };
		1926211C1F6197CB004ECA8E /* DITWeChatContactsTableViewCell.h */ = {isa = PBXFileReference; fileEncoding = 4; lastKnownFileType = sourcecode.c.h; path = DITWeChatContactsTableViewCell.h; sourceTree = "<group>"; };
		1926211D1F6197CB004ECA8E /* DITWeChatContactsTableViewCell.m */ = {isa = PBXFileReference; fileEncoding = 4; lastKnownFileType = sourcecode.c.objc; path = DITWeChatContactsTableViewCell.m; sourceTree = "<group>"; };
		193AF8111E48C03E00F35FE4 /* DiTing.app */ = {isa = PBXFileReference; explicitFileType = wrapper.application; includeInIndex = 0; path = DiTing.app; sourceTree = BUILT_PRODUCTS_DIR; };
		193AF8151E48C03E00F35FE4 /* main.m */ = {isa = PBXFileReference; lastKnownFileType = sourcecode.c.objc; path = main.m; sourceTree = "<group>"; };
		193AF81E1E48C03E00F35FE4 /* Base */ = {isa = PBXFileReference; lastKnownFileType = file.storyboard; name = Base; path = Base.lproj/Main.storyboard; sourceTree = "<group>"; };
		193AF8201E48C03E00F35FE4 /* Assets.xcassets */ = {isa = PBXFileReference; lastKnownFileType = folder.assetcatalog; path = Assets.xcassets; sourceTree = "<group>"; };
		193AF8231E48C03E00F35FE4 /* Base */ = {isa = PBXFileReference; lastKnownFileType = file.storyboard; name = Base; path = Base.lproj/LaunchScreen.storyboard; sourceTree = "<group>"; };
		193AF8251E48C03E00F35FE4 /* Info.plist */ = {isa = PBXFileReference; lastKnownFileType = text.plist.xml; path = Info.plist; sourceTree = "<group>"; };
		193AF82A1E48C03E00F35FE4 /* DiTingTests.xctest */ = {isa = PBXFileReference; explicitFileType = wrapper.cfbundle; includeInIndex = 0; path = DiTingTests.xctest; sourceTree = BUILT_PRODUCTS_DIR; };
		193AF82E1E48C03E00F35FE4 /* DiTingTests.m */ = {isa = PBXFileReference; lastKnownFileType = sourcecode.c.objc; path = DiTingTests.m; sourceTree = "<group>"; };
		193AF8301E48C03E00F35FE4 /* Info.plist */ = {isa = PBXFileReference; lastKnownFileType = text.plist.xml; path = Info.plist; sourceTree = "<group>"; };
		193AF8351E48C03E00F35FE4 /* DiTingUITests.xctest */ = {isa = PBXFileReference; explicitFileType = wrapper.cfbundle; includeInIndex = 0; path = DiTingUITests.xctest; sourceTree = BUILT_PRODUCTS_DIR; };
		193AF8391E48C03E00F35FE4 /* DiTingUITests.m */ = {isa = PBXFileReference; lastKnownFileType = sourcecode.c.objc; path = DiTingUITests.m; sourceTree = "<group>"; };
		193AF83B1E48C03E00F35FE4 /* Info.plist */ = {isa = PBXFileReference; lastKnownFileType = text.plist.xml; path = Info.plist; sourceTree = "<group>"; };
		193EA9F61E4E0E14008EF309 /* mainList.plist */ = {isa = PBXFileReference; fileEncoding = 4; lastKnownFileType = text.plist.xml; path = mainList.plist; sourceTree = "<group>"; };
		19A2D7CA1F45EDD200341A7E /* PrefixHeader.pch */ = {isa = PBXFileReference; fileEncoding = 4; lastKnownFileType = sourcecode.c.h; path = PrefixHeader.pch; sourceTree = "<group>"; };
		19A2D7DA1F48955A00341A7E /* ViewController.h */ = {isa = PBXFileReference; fileEncoding = 4; lastKnownFileType = sourcecode.c.h; path = ViewController.h; sourceTree = "<group>"; };
		19A2D7DB1F48955A00341A7E /* ViewController.m */ = {isa = PBXFileReference; fileEncoding = 4; lastKnownFileType = sourcecode.c.objc; path = ViewController.m; sourceTree = "<group>"; };
		19A2D7DD1F48955A00341A7E /* AppDelegate.h */ = {isa = PBXFileReference; fileEncoding = 4; lastKnownFileType = sourcecode.c.h; path = AppDelegate.h; sourceTree = "<group>"; };
		19A2D7DE1F48955A00341A7E /* AppDelegate.m */ = {isa = PBXFileReference; fileEncoding = 4; lastKnownFileType = sourcecode.c.objc; path = AppDelegate.m; sourceTree = "<group>"; };
		19A2D7DF1F48955A00341A7E /* DITDefine.h */ = {isa = PBXFileReference; fileEncoding = 4; lastKnownFileType = sourcecode.c.h; path = DITDefine.h; sourceTree = "<group>"; };
		19A2D7FA1F4C813700341A7E /* DITWeChatContactsViewController.h */ = {isa = PBXFileReference; fileEncoding = 4; lastKnownFileType = sourcecode.c.h; path = DITWeChatContactsViewController.h; sourceTree = "<group>"; };
		19A2D7FB1F4C813700341A7E /* DITWeChatContactsViewController.m */ = {isa = PBXFileReference; fileEncoding = 4; lastKnownFileType = sourcecode.c.objc; path = DITWeChatContactsViewController.m; sourceTree = "<group>"; };
		19A2D8001F4C813700341A7E /* DITWeChatDiscoverViewController.h */ = {isa = PBXFileReference; fileEncoding = 4; lastKnownFileType = sourcecode.c.h; path = DITWeChatDiscoverViewController.h; sourceTree = "<group>"; };
		19A2D8011F4C813700341A7E /* DITWeChatDiscoverViewController.m */ = {isa = PBXFileReference; fileEncoding = 4; lastKnownFileType = sourcecode.c.objc; path = DITWeChatDiscoverViewController.m; sourceTree = "<group>"; };
		19A2D8061F4C813700341A7E /* DITWeChatHomeViewController.h */ = {isa = PBXFileReference; fileEncoding = 4; lastKnownFileType = sourcecode.c.h; path = DITWeChatHomeViewController.h; sourceTree = "<group>"; };
		19A2D8071F4C813700341A7E /* DITWeChatHomeViewController.m */ = {isa = PBXFileReference; fileEncoding = 4; lastKnownFileType = sourcecode.c.objc; path = DITWeChatHomeViewController.m; sourceTree = "<group>"; };
		19A2D80C1F4C813700341A7E /* DITWeChatTabBarController.h */ = {isa = PBXFileReference; fileEncoding = 4; lastKnownFileType = sourcecode.c.h; path = DITWeChatTabBarController.h; sourceTree = "<group>"; };
		19A2D80D1F4C813700341A7E /* DITWeChatTabBarController.m */ = {isa = PBXFileReference; fileEncoding = 4; lastKnownFileType = sourcecode.c.objc; path = DITWeChatTabBarController.m; sourceTree = "<group>"; };
		19A2D8121F4C813700341A7E /* DITWeChatProfileViewController.h */ = {isa = PBXFileReference; fileEncoding = 4; lastKnownFileType = sourcecode.c.h; path = DITWeChatProfileViewController.h; sourceTree = "<group>"; };
		19A2D8131F4C813700341A7E /* DITWeChatProfileViewController.m */ = {isa = PBXFileReference; fileEncoding = 4; lastKnownFileType = sourcecode.c.objc; path = DITWeChatProfileViewController.m; sourceTree = "<group>"; };
		19A2D81B1F4C815F00341A7E /* DITWeChatHomeTableViewCell.h */ = {isa = PBXFileReference; fileEncoding = 4; lastKnownFileType = sourcecode.c.h; path = DITWeChatHomeTableViewCell.h; sourceTree = "<group>"; };
		19A2D81C1F4C815F00341A7E /* DITWeChatHomeTableViewCell.m */ = {isa = PBXFileReference; fileEncoding = 4; lastKnownFileType = sourcecode.c.objc; path = DITWeChatHomeTableViewCell.m; sourceTree = "<group>"; };
		19A2D81E1F4C832A00341A7E /* DITWeChatHomeModel.h */ = {isa = PBXFileReference; fileEncoding = 4; lastKnownFileType = sourcecode.c.h; path = DITWeChatHomeModel.h; sourceTree = "<group>"; };
		19A2D81F1F4C832A00341A7E /* DITWeChatHomeModel.m */ = {isa = PBXFileReference; fileEncoding = 4; lastKnownFileType = sourcecode.c.objc; path = DITWeChatHomeModel.m; sourceTree = "<group>"; };
		19F769791F5C48D90050775C /* Info.plist */ = {isa = PBXFileReference; fileEncoding = 4; lastKnownFileType = text.plist.xml; path = Info.plist; sourceTree = "<group>"; };
		19F7697A1F5C48D90050775C /* MASCompositeConstraint.h */ = {isa = PBXFileReference; fileEncoding = 4; lastKnownFileType = sourcecode.c.h; path = MASCompositeConstraint.h; sourceTree = "<group>"; };
		19F7697B1F5C48D90050775C /* MASCompositeConstraint.m */ = {isa = PBXFileReference; fileEncoding = 4; lastKnownFileType = sourcecode.c.objc; path = MASCompositeConstraint.m; sourceTree = "<group>"; };
		19F7697C1F5C48D90050775C /* MASConstraint+Private.h */ = {isa = PBXFileReference; fileEncoding = 4; lastKnownFileType = sourcecode.c.h; path = "MASConstraint+Private.h"; sourceTree = "<group>"; };
		19F7697D1F5C48D90050775C /* MASConstraint.h */ = {isa = PBXFileReference; fileEncoding = 4; lastKnownFileType = sourcecode.c.h; path = MASConstraint.h; sourceTree = "<group>"; };
		19F7697E1F5C48D90050775C /* MASConstraint.m */ = {isa = PBXFileReference; fileEncoding = 4; lastKnownFileType = sourcecode.c.objc; path = MASConstraint.m; sourceTree = "<group>"; };
		19F7697F1F5C48D90050775C /* MASConstraintMaker.h */ = {isa = PBXFileReference; fileEncoding = 4; lastKnownFileType = sourcecode.c.h; path = MASConstraintMaker.h; sourceTree = "<group>"; };
		19F769801F5C48D90050775C /* MASConstraintMaker.m */ = {isa = PBXFileReference; fileEncoding = 4; lastKnownFileType = sourcecode.c.objc; path = MASConstraintMaker.m; sourceTree = "<group>"; };
		19F769811F5C48D90050775C /* MASLayoutConstraint.h */ = {isa = PBXFileReference; fileEncoding = 4; lastKnownFileType = sourcecode.c.h; path = MASLayoutConstraint.h; sourceTree = "<group>"; };
		19F769821F5C48D90050775C /* MASLayoutConstraint.m */ = {isa = PBXFileReference; fileEncoding = 4; lastKnownFileType = sourcecode.c.objc; path = MASLayoutConstraint.m; sourceTree = "<group>"; };
		19F769831F5C48D90050775C /* Masonry.h */ = {isa = PBXFileReference; fileEncoding = 4; lastKnownFileType = sourcecode.c.h; path = Masonry.h; sourceTree = "<group>"; };
		19F769841F5C48D90050775C /* MASUtilities.h */ = {isa = PBXFileReference; fileEncoding = 4; lastKnownFileType = sourcecode.c.h; path = MASUtilities.h; sourceTree = "<group>"; };
		19F769851F5C48D90050775C /* MASViewAttribute.h */ = {isa = PBXFileReference; fileEncoding = 4; lastKnownFileType = sourcecode.c.h; path = MASViewAttribute.h; sourceTree = "<group>"; };
		19F769861F5C48D90050775C /* MASViewAttribute.m */ = {isa = PBXFileReference; fileEncoding = 4; lastKnownFileType = sourcecode.c.objc; path = MASViewAttribute.m; sourceTree = "<group>"; };
		19F769871F5C48D90050775C /* MASViewConstraint.h */ = {isa = PBXFileReference; fileEncoding = 4; lastKnownFileType = sourcecode.c.h; path = MASViewConstraint.h; sourceTree = "<group>"; };
		19F769881F5C48D90050775C /* MASViewConstraint.m */ = {isa = PBXFileReference; fileEncoding = 4; lastKnownFileType = sourcecode.c.objc; path = MASViewConstraint.m; sourceTree = "<group>"; };
		19F769891F5C48D90050775C /* NSArray+MASAdditions.h */ = {isa = PBXFileReference; fileEncoding = 4; lastKnownFileType = sourcecode.c.h; path = "NSArray+MASAdditions.h"; sourceTree = "<group>"; };
		19F7698A1F5C48D90050775C /* NSArray+MASAdditions.m */ = {isa = PBXFileReference; fileEncoding = 4; lastKnownFileType = sourcecode.c.objc; path = "NSArray+MASAdditions.m"; sourceTree = "<group>"; };
		19F7698B1F5C48D90050775C /* NSArray+MASShorthandAdditions.h */ = {isa = PBXFileReference; fileEncoding = 4; lastKnownFileType = sourcecode.c.h; path = "NSArray+MASShorthandAdditions.h"; sourceTree = "<group>"; };
		19F7698C1F5C48D90050775C /* NSLayoutConstraint+MASDebugAdditions.h */ = {isa = PBXFileReference; fileEncoding = 4; lastKnownFileType = sourcecode.c.h; path = "NSLayoutConstraint+MASDebugAdditions.h"; sourceTree = "<group>"; };
		19F7698D1F5C48D90050775C /* NSLayoutConstraint+MASDebugAdditions.m */ = {isa = PBXFileReference; fileEncoding = 4; lastKnownFileType = sourcecode.c.objc; path = "NSLayoutConstraint+MASDebugAdditions.m"; sourceTree = "<group>"; };
		19F7698E1F5C48D90050775C /* View+MASAdditions.h */ = {isa = PBXFileReference; fileEncoding = 4; lastKnownFileType = sourcecode.c.h; path = "View+MASAdditions.h"; sourceTree = "<group>"; };
		19F7698F1F5C48D90050775C /* View+MASAdditions.m */ = {isa = PBXFileReference; fileEncoding = 4; lastKnownFileType = sourcecode.c.objc; path = "View+MASAdditions.m"; sourceTree = "<group>"; };
		19F769901F5C48D90050775C /* View+MASShorthandAdditions.h */ = {isa = PBXFileReference; fileEncoding = 4; lastKnownFileType = sourcecode.c.h; path = "View+MASShorthandAdditions.h"; sourceTree = "<group>"; };
		19F769911F5C48D90050775C /* ViewController+MASAdditions.h */ = {isa = PBXFileReference; fileEncoding = 4; lastKnownFileType = sourcecode.c.h; path = "ViewController+MASAdditions.h"; sourceTree = "<group>"; };
		19F769921F5C48D90050775C /* ViewController+MASAdditions.m */ = {isa = PBXFileReference; fileEncoding = 4; lastKnownFileType = sourcecode.c.objc; path = "ViewController+MASAdditions.m"; sourceTree = "<group>"; };
		19F7699F1F5C48EA0050775C /* AFHTTPSessionManager.h */ = {isa = PBXFileReference; fileEncoding = 4; lastKnownFileType = sourcecode.c.h; path = AFHTTPSessionManager.h; sourceTree = "<group>"; };
		19F769A01F5C48EA0050775C /* AFHTTPSessionManager.m */ = {isa = PBXFileReference; fileEncoding = 4; lastKnownFileType = sourcecode.c.objc; path = AFHTTPSessionManager.m; sourceTree = "<group>"; };
		19F769A11F5C48EA0050775C /* AFNetworking.h */ = {isa = PBXFileReference; fileEncoding = 4; lastKnownFileType = sourcecode.c.h; path = AFNetworking.h; sourceTree = "<group>"; };
		19F769A21F5C48EA0050775C /* AFNetworkReachabilityManager.h */ = {isa = PBXFileReference; fileEncoding = 4; lastKnownFileType = sourcecode.c.h; path = AFNetworkReachabilityManager.h; sourceTree = "<group>"; };
		19F769A31F5C48EA0050775C /* AFNetworkReachabilityManager.m */ = {isa = PBXFileReference; fileEncoding = 4; lastKnownFileType = sourcecode.c.objc; path = AFNetworkReachabilityManager.m; sourceTree = "<group>"; };
		19F769A41F5C48EA0050775C /* AFSecurityPolicy.h */ = {isa = PBXFileReference; fileEncoding = 4; lastKnownFileType = sourcecode.c.h; path = AFSecurityPolicy.h; sourceTree = "<group>"; };
		19F769A51F5C48EA0050775C /* AFSecurityPolicy.m */ = {isa = PBXFileReference; fileEncoding = 4; lastKnownFileType = sourcecode.c.objc; path = AFSecurityPolicy.m; sourceTree = "<group>"; };
		19F769A61F5C48EA0050775C /* AFURLRequestSerialization.h */ = {isa = PBXFileReference; fileEncoding = 4; lastKnownFileType = sourcecode.c.h; path = AFURLRequestSerialization.h; sourceTree = "<group>"; };
		19F769A71F5C48EA0050775C /* AFURLRequestSerialization.m */ = {isa = PBXFileReference; fileEncoding = 4; lastKnownFileType = sourcecode.c.objc; path = AFURLRequestSerialization.m; sourceTree = "<group>"; };
		19F769A81F5C48EA0050775C /* AFURLResponseSerialization.h */ = {isa = PBXFileReference; fileEncoding = 4; lastKnownFileType = sourcecode.c.h; path = AFURLResponseSerialization.h; sourceTree = "<group>"; };
		19F769A91F5C48EA0050775C /* AFURLResponseSerialization.m */ = {isa = PBXFileReference; fileEncoding = 4; lastKnownFileType = sourcecode.c.objc; path = AFURLResponseSerialization.m; sourceTree = "<group>"; };
		19F769AA1F5C48EA0050775C /* AFURLSessionManager.h */ = {isa = PBXFileReference; fileEncoding = 4; lastKnownFileType = sourcecode.c.h; path = AFURLSessionManager.h; sourceTree = "<group>"; };
		19F769AB1F5C48EA0050775C /* AFURLSessionManager.m */ = {isa = PBXFileReference; fileEncoding = 4; lastKnownFileType = sourcecode.c.objc; path = AFURLSessionManager.m; sourceTree = "<group>"; };
/* End PBXFileReference section */

/* Begin PBXFrameworksBuildPhase section */
		193AF80E1E48C03E00F35FE4 /* Frameworks */ = {
			isa = PBXFrameworksBuildPhase;
			buildActionMask = 2147483647;
			files = (
			);
			runOnlyForDeploymentPostprocessing = 0;
		};
		193AF8271E48C03E00F35FE4 /* Frameworks */ = {
			isa = PBXFrameworksBuildPhase;
			buildActionMask = 2147483647;
			files = (
			);
			runOnlyForDeploymentPostprocessing = 0;
		};
		193AF8321E48C03E00F35FE4 /* Frameworks */ = {
			isa = PBXFrameworksBuildPhase;
			buildActionMask = 2147483647;
			files = (
			);
			runOnlyForDeploymentPostprocessing = 0;
		};
/* End PBXFrameworksBuildPhase section */

/* Begin PBXGroup section */
		193AF8081E48C03E00F35FE4 = {
			isa = PBXGroup;
			children = (
				193AF8131E48C03E00F35FE4 /* DiTing */,
				193AF82D1E48C03E00F35FE4 /* DiTingTests */,
				193AF8381E48C03E00F35FE4 /* DiTingUITests */,
				193AF8121E48C03E00F35FE4 /* Products */,
			);
			sourceTree = "<group>";
		};
		193AF8121E48C03E00F35FE4 /* Products */ = {
			isa = PBXGroup;
			children = (
				193AF8111E48C03E00F35FE4 /* DiTing.app */,
				193AF82A1E48C03E00F35FE4 /* DiTingTests.xctest */,
				193AF8351E48C03E00F35FE4 /* DiTingUITests.xctest */,
			);
			name = Products;
			sourceTree = "<group>";
		};
		193AF8131E48C03E00F35FE4 /* DiTing */ = {
			isa = PBXGroup;
			children = (
				19A2D7D71F48955A00341A7E /* Class */,
				193AF81D1E48C03E00F35FE4 /* Main.storyboard */,
				193AF8201E48C03E00F35FE4 /* Assets.xcassets */,
				193AF8221E48C03E00F35FE4 /* LaunchScreen.storyboard */,
				193AF8251E48C03E00F35FE4 /* Info.plist */,
				193AF8141E48C03E00F35FE4 /* Supporting Files */,
			);
			path = DiTing;
			sourceTree = "<group>";
		};
		193AF8141E48C03E00F35FE4 /* Supporting Files */ = {
			isa = PBXGroup;
			children = (
				19A2D7CA1F45EDD200341A7E /* PrefixHeader.pch */,
				193EA9F61E4E0E14008EF309 /* mainList.plist */,
				193AF8151E48C03E00F35FE4 /* main.m */,
			);
			name = "Supporting Files";
			sourceTree = "<group>";
		};
		193AF82D1E48C03E00F35FE4 /* DiTingTests */ = {
			isa = PBXGroup;
			children = (
				193AF82E1E48C03E00F35FE4 /* DiTingTests.m */,
				193AF8301E48C03E00F35FE4 /* Info.plist */,
			);
			path = DiTingTests;
			sourceTree = "<group>";
		};
		193AF8381E48C03E00F35FE4 /* DiTingUITests */ = {
			isa = PBXGroup;
			children = (
				193AF8391E48C03E00F35FE4 /* DiTingUITests.m */,
				193AF83B1E48C03E00F35FE4 /* Info.plist */,
			);
			path = DiTingUITests;
			sourceTree = "<group>";
		};
		19A2D7D71F48955A00341A7E /* Class */ = {
			isa = PBXGroup;
			children = (
				19A2D7D81F48955A00341A7E /* Main */,
				19A2D7E01F48955A00341A7E /* WeChat */,
			);
			path = Class;
			sourceTree = "<group>";
		};
		19A2D7D81F48955A00341A7E /* Main */ = {
			isa = PBXGroup;
			children = (
				19A2D8761F501DBA00341A7E /* Lib */,
				19A2D7D91F48955A00341A7E /* Controller */,
				19A2D7DC1F48955A00341A7E /* Other */,
			);
			path = Main;
			sourceTree = "<group>";
		};
		19A2D7D91F48955A00341A7E /* Controller */ = {
			isa = PBXGroup;
			children = (
				19A2D7DA1F48955A00341A7E /* ViewController.h */,
				19A2D7DB1F48955A00341A7E /* ViewController.m */,
			);
			path = Controller;
			sourceTree = "<group>";
		};
		19A2D7DC1F48955A00341A7E /* Other */ = {
			isa = PBXGroup;
			children = (
				19A2D7DD1F48955A00341A7E /* AppDelegate.h */,
				19A2D7DE1F48955A00341A7E /* AppDelegate.m */,
				19A2D7DF1F48955A00341A7E /* DITDefine.h */,
			);
			path = Other;
			sourceTree = "<group>";
		};
		19A2D7E01F48955A00341A7E /* WeChat */ = {
			isa = PBXGroup;
			children = (
				19A2D80A1F4C813700341A7E /* Main */,
				19A2D8041F4C813700341A7E /* Home */,
				19A2D7F81F4C813700341A7E /* Contacts */,
				19A2D7FE1F4C813700341A7E /* Discover */,
				19A2D8101F4C813700341A7E /* Profile */,
			);
			path = WeChat;
			sourceTree = "<group>";
		};
		19A2D7F81F4C813700341A7E /* Contacts */ = {
			isa = PBXGroup;
			children = (
				19A2D7F91F4C813700341A7E /* Controller */,
				19A2D7FC1F4C813700341A7E /* Model */,
				19A2D7FD1F4C813700341A7E /* View */,
			);
			path = Contacts;
			sourceTree = "<group>";
		};
		19A2D7F91F4C813700341A7E /* Controller */ = {
			isa = PBXGroup;
			children = (
				19A2D7FA1F4C813700341A7E /* DITWeChatContactsViewController.h */,
				19A2D7FB1F4C813700341A7E /* DITWeChatContactsViewController.m */,
				191F31E11F623A1E001D757D /* DITWeCharContactsSearchResultController.h */,
				191F31E21F623A1E001D757D /* DITWeCharContactsSearchResultController.m */,
			);
			path = Controller;
			sourceTree = "<group>";
		};
		19A2D7FC1F4C813700341A7E /* Model */ = {
			isa = PBXGroup;
			children = (
				192621191F612749004ECA8E /* DITWeChatContactModel.h */,
				1926211A1F612749004ECA8E /* DITWeChatContactModel.m */,
			);
			path = Model;
			sourceTree = "<group>";
		};
		19A2D7FD1F4C813700341A7E /* View */ = {
			isa = PBXGroup;
			children = (
				1926211C1F6197CB004ECA8E /* DITWeChatContactsTableViewCell.h */,
				1926211D1F6197CB004ECA8E /* DITWeChatContactsTableViewCell.m */,
			);
			path = View;
			sourceTree = "<group>";
		};
		19A2D7FE1F4C813700341A7E /* Discover */ = {
			isa = PBXGroup;
			children = (
				19A2D7FF1F4C813700341A7E /* Controller */,
				19A2D8021F4C813700341A7E /* Model */,
				19A2D8031F4C813700341A7E /* View */,
			);
			path = Discover;
			sourceTree = "<group>";
		};
		19A2D7FF1F4C813700341A7E /* Controller */ = {
			isa = PBXGroup;
			children = (
				19A2D8001F4C813700341A7E /* DITWeChatDiscoverViewController.h */,
				19A2D8011F4C813700341A7E /* DITWeChatDiscoverViewController.m */,
			);
			path = Controller;
			sourceTree = "<group>";
		};
		19A2D8021F4C813700341A7E /* Model */ = {
			isa = PBXGroup;
			children = (
			);
			path = Model;
			sourceTree = "<group>";
		};
		19A2D8031F4C813700341A7E /* View */ = {
			isa = PBXGroup;
			children = (
			);
			path = View;
			sourceTree = "<group>";
		};
		19A2D8041F4C813700341A7E /* Home */ = {
			isa = PBXGroup;
			children = (
				19A2D8051F4C813700341A7E /* Controller */,
				19A2D8081F4C813700341A7E /* Model */,
				19A2D8091F4C813700341A7E /* View */,
			);
			path = Home;
			sourceTree = "<group>";
		};
		19A2D8051F4C813700341A7E /* Controller */ = {
			isa = PBXGroup;
			children = (
				19A2D8061F4C813700341A7E /* DITWeChatHomeViewController.h */,
				19A2D8071F4C813700341A7E /* DITWeChatHomeViewController.m */,
				191F31E51F658475001D757D /* DITWeChatChatTableViewController.h */,
				191F31E61F658475001D757D /* DITWeChatChatTableViewController.m */,
			);
			path = Controller;
			sourceTree = "<group>";
		};
		19A2D8081F4C813700341A7E /* Model */ = {
			isa = PBXGroup;
			children = (
				19A2D81E1F4C832A00341A7E /* DITWeChatHomeModel.h */,
				19A2D81F1F4C832A00341A7E /* DITWeChatHomeModel.m */,
			);
			path = Model;
			sourceTree = "<group>";
		};
		19A2D8091F4C813700341A7E /* View */ = {
			isa = PBXGroup;
			children = (
				19A2D81B1F4C815F00341A7E /* DITWeChatHomeTableViewCell.h */,
				19A2D81C1F4C815F00341A7E /* DITWeChatHomeTableViewCell.m */,
			);
			path = View;
			sourceTree = "<group>";
		};
		19A2D80A1F4C813700341A7E /* Main */ = {
			isa = PBXGroup;
			children = (
				19A2D80B1F4C813700341A7E /* Controller */,
				19A2D80E1F4C813700341A7E /* Model */,
				19A2D80F1F4C813700341A7E /* View */,
			);
			path = Main;
			sourceTree = "<group>";
		};
		19A2D80B1F4C813700341A7E /* Controller */ = {
			isa = PBXGroup;
			children = (
				19A2D80C1F4C813700341A7E /* DITWeChatTabBarController.h */,
				19A2D80D1F4C813700341A7E /* DITWeChatTabBarController.m */,
			);
			path = Controller;
			sourceTree = "<group>";
		};
		19A2D80E1F4C813700341A7E /* Model */ = {
			isa = PBXGroup;
			children = (
			);
			path = Model;
			sourceTree = "<group>";
		};
		19A2D80F1F4C813700341A7E /* View */ = {
			isa = PBXGroup;
			children = (
			);
			path = View;
			sourceTree = "<group>";
		};
		19A2D8101F4C813700341A7E /* Profile */ = {
			isa = PBXGroup;
			children = (
				19A2D8111F4C813700341A7E /* Controller */,
				19A2D8141F4C813700341A7E /* Model */,
				19A2D8151F4C813700341A7E /* View */,
			);
			path = Profile;
			sourceTree = "<group>";
		};
		19A2D8111F4C813700341A7E /* Controller */ = {
			isa = PBXGroup;
			children = (
				19A2D8121F4C813700341A7E /* DITWeChatProfileViewController.h */,
				19A2D8131F4C813700341A7E /* DITWeChatProfileViewController.m */,
			);
			path = Controller;
			sourceTree = "<group>";
		};
		19A2D8141F4C813700341A7E /* Model */ = {
			isa = PBXGroup;
			children = (
			);
			path = Model;
			sourceTree = "<group>";
		};
		19A2D8151F4C813700341A7E /* View */ = {
			isa = PBXGroup;
			children = (
			);
			path = View;
			sourceTree = "<group>";
		};
		19A2D8761F501DBA00341A7E /* Lib */ = {
			isa = PBXGroup;
			children = (
				19F7699E1F5C48EA0050775C /* AFNetworking */,
				19F769781F5C48D90050775C /* Masonry */,
			);
			path = Lib;
			sourceTree = "<group>";
		};
		19F769781F5C48D90050775C /* Masonry */ = {
			isa = PBXGroup;
			children = (
				19F769791F5C48D90050775C /* Info.plist */,
				19F7697A1F5C48D90050775C /* MASCompositeConstraint.h */,
				19F7697B1F5C48D90050775C /* MASCompositeConstraint.m */,
				19F7697C1F5C48D90050775C /* MASConstraint+Private.h */,
				19F7697D1F5C48D90050775C /* MASConstraint.h */,
				19F7697E1F5C48D90050775C /* MASConstraint.m */,
				19F7697F1F5C48D90050775C /* MASConstraintMaker.h */,
				19F769801F5C48D90050775C /* MASConstraintMaker.m */,
				19F769811F5C48D90050775C /* MASLayoutConstraint.h */,
				19F769821F5C48D90050775C /* MASLayoutConstraint.m */,
				19F769831F5C48D90050775C /* Masonry.h */,
				19F769841F5C48D90050775C /* MASUtilities.h */,
				19F769851F5C48D90050775C /* MASViewAttribute.h */,
				19F769861F5C48D90050775C /* MASViewAttribute.m */,
				19F769871F5C48D90050775C /* MASViewConstraint.h */,
				19F769881F5C48D90050775C /* MASViewConstraint.m */,
				19F769891F5C48D90050775C /* NSArray+MASAdditions.h */,
				19F7698A1F5C48D90050775C /* NSArray+MASAdditions.m */,
				19F7698B1F5C48D90050775C /* NSArray+MASShorthandAdditions.h */,
				19F7698C1F5C48D90050775C /* NSLayoutConstraint+MASDebugAdditions.h */,
				19F7698D1F5C48D90050775C /* NSLayoutConstraint+MASDebugAdditions.m */,
				19F7698E1F5C48D90050775C /* View+MASAdditions.h */,
				19F7698F1F5C48D90050775C /* View+MASAdditions.m */,
				19F769901F5C48D90050775C /* View+MASShorthandAdditions.h */,
				19F769911F5C48D90050775C /* ViewController+MASAdditions.h */,
				19F769921F5C48D90050775C /* ViewController+MASAdditions.m */,
			);
			path = Masonry;
			sourceTree = "<group>";
		};
		19F7699E1F5C48EA0050775C /* AFNetworking */ = {
			isa = PBXGroup;
			children = (
				19F7699F1F5C48EA0050775C /* AFHTTPSessionManager.h */,
				19F769A01F5C48EA0050775C /* AFHTTPSessionManager.m */,
				19F769A11F5C48EA0050775C /* AFNetworking.h */,
				19F769A21F5C48EA0050775C /* AFNetworkReachabilityManager.h */,
				19F769A31F5C48EA0050775C /* AFNetworkReachabilityManager.m */,
				19F769A41F5C48EA0050775C /* AFSecurityPolicy.h */,
				19F769A51F5C48EA0050775C /* AFSecurityPolicy.m */,
				19F769A61F5C48EA0050775C /* AFURLRequestSerialization.h */,
				19F769A71F5C48EA0050775C /* AFURLRequestSerialization.m */,
				19F769A81F5C48EA0050775C /* AFURLResponseSerialization.h */,
				19F769A91F5C48EA0050775C /* AFURLResponseSerialization.m */,
				19F769AA1F5C48EA0050775C /* AFURLSessionManager.h */,
				19F769AB1F5C48EA0050775C /* AFURLSessionManager.m */,
			);
			path = AFNetworking;
			sourceTree = "<group>";
		};
/* End PBXGroup section */

/* Begin PBXNativeTarget section */
		193AF8101E48C03E00F35FE4 /* DiTing */ = {
			isa = PBXNativeTarget;
			buildConfigurationList = 193AF83E1E48C03E00F35FE4 /* Build configuration list for PBXNativeTarget "DiTing" */;
			buildPhases = (
				193AF80D1E48C03E00F35FE4 /* Sources */,
				193AF80E1E48C03E00F35FE4 /* Frameworks */,
				193AF80F1E48C03E00F35FE4 /* Resources */,
			);
			buildRules = (
			);
			dependencies = (
			);
			name = DiTing;
			productName = DiTing;
			productReference = 193AF8111E48C03E00F35FE4 /* DiTing.app */;
			productType = "com.apple.product-type.application";
		};
		193AF8291E48C03E00F35FE4 /* DiTingTests */ = {
			isa = PBXNativeTarget;
			buildConfigurationList = 193AF8411E48C03E00F35FE4 /* Build configuration list for PBXNativeTarget "DiTingTests" */;
			buildPhases = (
				193AF8261E48C03E00F35FE4 /* Sources */,
				193AF8271E48C03E00F35FE4 /* Frameworks */,
				193AF8281E48C03E00F35FE4 /* Resources */,
			);
			buildRules = (
			);
			dependencies = (
				193AF82C1E48C03E00F35FE4 /* PBXTargetDependency */,
			);
			name = DiTingTests;
			productName = DiTingTests;
			productReference = 193AF82A1E48C03E00F35FE4 /* DiTingTests.xctest */;
			productType = "com.apple.product-type.bundle.unit-test";
		};
		193AF8341E48C03E00F35FE4 /* DiTingUITests */ = {
			isa = PBXNativeTarget;
			buildConfigurationList = 193AF8441E48C03E00F35FE4 /* Build configuration list for PBXNativeTarget "DiTingUITests" */;
			buildPhases = (
				193AF8311E48C03E00F35FE4 /* Sources */,
				193AF8321E48C03E00F35FE4 /* Frameworks */,
				193AF8331E48C03E00F35FE4 /* Resources */,
			);
			buildRules = (
			);
			dependencies = (
				193AF8371E48C03E00F35FE4 /* PBXTargetDependency */,
			);
			name = DiTingUITests;
			productName = DiTingUITests;
			productReference = 193AF8351E48C03E00F35FE4 /* DiTingUITests.xctest */;
			productType = "com.apple.product-type.bundle.ui-testing";
		};
/* End PBXNativeTarget section */

/* Begin PBXProject section */
		193AF8091E48C03E00F35FE4 /* Project object */ = {
			isa = PBXProject;
			attributes = {
				CLASSPREFIX = DIT;
				LastUpgradeCheck = 0820;
				ORGANIZATIONNAME = zyn;
				TargetAttributes = {
					193AF8101E48C03E00F35FE4 = {
						CreatedOnToolsVersion = 8.2.1;
						DevelopmentTeam = UA62U3JARN;
						ProvisioningStyle = Automatic;
					};
					193AF8291E48C03E00F35FE4 = {
						CreatedOnToolsVersion = 8.2.1;
						DevelopmentTeam = UA62U3JARN;
						ProvisioningStyle = Automatic;
						TestTargetID = 193AF8101E48C03E00F35FE4;
					};
					193AF8341E48C03E00F35FE4 = {
						CreatedOnToolsVersion = 8.2.1;
						DevelopmentTeam = UA62U3JARN;
						ProvisioningStyle = Automatic;
						TestTargetID = 193AF8101E48C03E00F35FE4;
					};
				};
			};
			buildConfigurationList = 193AF80C1E48C03E00F35FE4 /* Build configuration list for PBXProject "DiTing" */;
			compatibilityVersion = "Xcode 3.2";
			developmentRegion = English;
			hasScannedForEncodings = 0;
			knownRegions = (
				en,
				Base,
			);
			mainGroup = 193AF8081E48C03E00F35FE4;
			productRefGroup = 193AF8121E48C03E00F35FE4 /* Products */;
			projectDirPath = "";
			projectRoot = "";
			targets = (
				193AF8101E48C03E00F35FE4 /* DiTing */,
				193AF8291E48C03E00F35FE4 /* DiTingTests */,
				193AF8341E48C03E00F35FE4 /* DiTingUITests */,
			);
		};
/* End PBXProject section */

/* Begin PBXResourcesBuildPhase section */
		193AF80F1E48C03E00F35FE4 /* Resources */ = {
			isa = PBXResourcesBuildPhase;
			buildActionMask = 2147483647;
			files = (
				193AF8241E48C03E00F35FE4 /* LaunchScreen.storyboard in Resources */,
				193EA9F71E4E0E14008EF309 /* mainList.plist in Resources */,
				193AF8211E48C03E00F35FE4 /* Assets.xcassets in Resources */,
				19F769931F5C48D90050775C /* Info.plist in Resources */,
				193AF81F1E48C03E00F35FE4 /* Main.storyboard in Resources */,
			);
			runOnlyForDeploymentPostprocessing = 0;
		};
		193AF8281E48C03E00F35FE4 /* Resources */ = {
			isa = PBXResourcesBuildPhase;
			buildActionMask = 2147483647;
			files = (
			);
			runOnlyForDeploymentPostprocessing = 0;
		};
		193AF8331E48C03E00F35FE4 /* Resources */ = {
			isa = PBXResourcesBuildPhase;
			buildActionMask = 2147483647;
			files = (
			);
			runOnlyForDeploymentPostprocessing = 0;
		};
/* End PBXResourcesBuildPhase section */

/* Begin PBXSourcesBuildPhase section */
		193AF80D1E48C03E00F35FE4 /* Sources */ = {
			isa = PBXSourcesBuildPhase;
			buildActionMask = 2147483647;
			files = (
				19F7699C1F5C48D90050775C /* View+MASAdditions.m in Sources */,
				19A2D81D1F4C815F00341A7E /* DITWeChatHomeTableViewCell.m in Sources */,
				19F769AE1F5C48EA0050775C /* AFSecurityPolicy.m in Sources */,
				19A2D81A1F4C813700341A7E /* DITWeChatProfileViewController.m in Sources */,
				19A2D8201F4C832A00341A7E /* DITWeChatHomeModel.m in Sources */,
				19A2D7EB1F48955A00341A7E /* ViewController.m in Sources */,
				19A2D8171F4C813700341A7E /* DITWeChatDiscoverViewController.m in Sources */,
				19F7699D1F5C48D90050775C /* ViewController+MASAdditions.m in Sources */,
				19F769981F5C48D90050775C /* MASViewAttribute.m in Sources */,
				19F769941F5C48D90050775C /* MASCompositeConstraint.m in Sources */,
				1926211B1F612749004ECA8E /* DITWeChatContactModel.m in Sources */,
				19A2D8191F4C813700341A7E /* DITWeChatTabBarController.m in Sources */,
				19F769B11F5C48EA0050775C /* AFURLSessionManager.m in Sources */,
				19A2D8161F4C813700341A7E /* DITWeChatContactsViewController.m in Sources */,
				19F769961F5C48D90050775C /* MASConstraintMaker.m in Sources */,
				191F31E71F658475001D757D /* DITWeChatChatTableViewController.m in Sources */,
				19F769AC1F5C48EA0050775C /* AFHTTPSessionManager.m in Sources */,
				191F31E31F623A1E001D757D /* DITWeCharContactsSearchResultController.m in Sources */,
				1926211E1F6197CB004ECA8E /* DITWeChatContactsTableViewCell.m in Sources */,
				19F769B01F5C48EA0050775C /* AFURLResponseSerialization.m in Sources */,
				19F769951F5C48D90050775C /* MASConstraint.m in Sources */,
				19F769AF1F5C48EA0050775C /* AFURLRequestSerialization.m in Sources */,
				19F7699B1F5C48D90050775C /* NSLayoutConstraint+MASDebugAdditions.m in Sources */,
				19F769971F5C48D90050775C /* MASLayoutConstraint.m in Sources */,
				19F7699A1F5C48D90050775C /* NSArray+MASAdditions.m in Sources */,
				193AF8161E48C03E00F35FE4 /* main.m in Sources */,
				19A2D7EC1F48955A00341A7E /* AppDelegate.m in Sources */,
				19A2D8181F4C813700341A7E /* DITWeChatHomeViewController.m in Sources */,
				19F769AD1F5C48EA0050775C /* AFNetworkReachabilityManager.m in Sources */,
				19F769991F5C48D90050775C /* MASViewConstraint.m in Sources */,
			);
			runOnlyForDeploymentPostprocessing = 0;
		};
		193AF8261E48C03E00F35FE4 /* Sources */ = {
			isa = PBXSourcesBuildPhase;
			buildActionMask = 2147483647;
			files = (
				193AF82F1E48C03E00F35FE4 /* DiTingTests.m in Sources */,
			);
			runOnlyForDeploymentPostprocessing = 0;
		};
		193AF8311E48C03E00F35FE4 /* Sources */ = {
			isa = PBXSourcesBuildPhase;
			buildActionMask = 2147483647;
			files = (
				193AF83A1E48C03E00F35FE4 /* DiTingUITests.m in Sources */,
			);
			runOnlyForDeploymentPostprocessing = 0;
		};
/* End PBXSourcesBuildPhase section */

/* Begin PBXTargetDependency section */
		193AF82C1E48C03E00F35FE4 /* PBXTargetDependency */ = {
			isa = PBXTargetDependency;
			target = 193AF8101E48C03E00F35FE4 /* DiTing */;
			targetProxy = 193AF82B1E48C03E00F35FE4 /* PBXContainerItemProxy */;
		};
		193AF8371E48C03E00F35FE4 /* PBXTargetDependency */ = {
			isa = PBXTargetDependency;
			target = 193AF8101E48C03E00F35FE4 /* DiTing */;
			targetProxy = 193AF8361E48C03E00F35FE4 /* PBXContainerItemProxy */;
		};
/* End PBXTargetDependency section */

/* Begin PBXVariantGroup section */
		193AF81D1E48C03E00F35FE4 /* Main.storyboard */ = {
			isa = PBXVariantGroup;
			children = (
				193AF81E1E48C03E00F35FE4 /* Base */,
			);
			name = Main.storyboard;
			sourceTree = "<group>";
		};
		193AF8221E48C03E00F35FE4 /* LaunchScreen.storyboard */ = {
			isa = PBXVariantGroup;
			children = (
				193AF8231E48C03E00F35FE4 /* Base */,
			);
			name = LaunchScreen.storyboard;
			sourceTree = "<group>";
		};
/* End PBXVariantGroup section */

/* Begin XCBuildConfiguration section */
		193AF83C1E48C03E00F35FE4 /* Debug */ = {
			isa = XCBuildConfiguration;
			buildSettings = {
				ALWAYS_SEARCH_USER_PATHS = NO;
				CLANG_ANALYZER_NONNULL = YES;
				CLANG_CXX_LANGUAGE_STANDARD = "gnu++0x";
				CLANG_CXX_LIBRARY = "libc++";
				CLANG_ENABLE_MODULES = YES;
				CLANG_ENABLE_OBJC_ARC = YES;
				CLANG_WARN_BOOL_CONVERSION = YES;
				CLANG_WARN_CONSTANT_CONVERSION = YES;
				CLANG_WARN_DIRECT_OBJC_ISA_USAGE = YES_ERROR;
				CLANG_WARN_DOCUMENTATION_COMMENTS = YES;
				CLANG_WARN_EMPTY_BODY = YES;
				CLANG_WARN_ENUM_CONVERSION = YES;
				CLANG_WARN_INFINITE_RECURSION = YES;
				CLANG_WARN_INT_CONVERSION = YES;
				CLANG_WARN_OBJC_ROOT_CLASS = YES_ERROR;
				CLANG_WARN_SUSPICIOUS_MOVE = YES;
				CLANG_WARN_UNREACHABLE_CODE = YES;
				CLANG_WARN__DUPLICATE_METHOD_MATCH = YES;
				"CODE_SIGN_IDENTITY[sdk=iphoneos*]" = "iPhone Developer";
				COPY_PHASE_STRIP = NO;
				DEBUG_INFORMATION_FORMAT = dwarf;
				ENABLE_STRICT_OBJC_MSGSEND = YES;
				ENABLE_TESTABILITY = YES;
				GCC_C_LANGUAGE_STANDARD = gnu99;
				GCC_DYNAMIC_NO_PIC = NO;
				GCC_NO_COMMON_BLOCKS = YES;
				GCC_OPTIMIZATION_LEVEL = 0;
				GCC_PREPROCESSOR_DEFINITIONS = (
					"DEBUG=1",
					"$(inherited)",
				);
				GCC_WARN_64_TO_32_BIT_CONVERSION = YES;
				GCC_WARN_ABOUT_RETURN_TYPE = YES_ERROR;
				GCC_WARN_UNDECLARED_SELECTOR = YES;
				GCC_WARN_UNINITIALIZED_AUTOS = YES_AGGRESSIVE;
				GCC_WARN_UNUSED_FUNCTION = YES;
				GCC_WARN_UNUSED_VARIABLE = YES;
				IPHONEOS_DEPLOYMENT_TARGET = 10.2;
				MTL_ENABLE_DEBUG_INFO = YES;
				ONLY_ACTIVE_ARCH = YES;
				SDKROOT = iphoneos;
				TARGETED_DEVICE_FAMILY = "1,2";
			};
			name = Debug;
		};
		193AF83D1E48C03E00F35FE4 /* Release */ = {
			isa = XCBuildConfiguration;
			buildSettings = {
				ALWAYS_SEARCH_USER_PATHS = NO;
				CLANG_ANALYZER_NONNULL = YES;
				CLANG_CXX_LANGUAGE_STANDARD = "gnu++0x";
				CLANG_CXX_LIBRARY = "libc++";
				CLANG_ENABLE_MODULES = YES;
				CLANG_ENABLE_OBJC_ARC = YES;
				CLANG_WARN_BOOL_CONVERSION = YES;
				CLANG_WARN_CONSTANT_CONVERSION = YES;
				CLANG_WARN_DIRECT_OBJC_ISA_USAGE = YES_ERROR;
				CLANG_WARN_DOCUMENTATION_COMMENTS = YES;
				CLANG_WARN_EMPTY_BODY = YES;
				CLANG_WARN_ENUM_CONVERSION = YES;
				CLANG_WARN_INFINITE_RECURSION = YES;
				CLANG_WARN_INT_CONVERSION = YES;
				CLANG_WARN_OBJC_ROOT_CLASS = YES_ERROR;
				CLANG_WARN_SUSPICIOUS_MOVE = YES;
				CLANG_WARN_UNREACHABLE_CODE = YES;
				CLANG_WARN__DUPLICATE_METHOD_MATCH = YES;
				"CODE_SIGN_IDENTITY[sdk=iphoneos*]" = "iPhone Developer";
				COPY_PHASE_STRIP = NO;
				DEBUG_INFORMATION_FORMAT = "dwarf-with-dsym";
				ENABLE_NS_ASSERTIONS = NO;
				ENABLE_STRICT_OBJC_MSGSEND = YES;
				GCC_C_LANGUAGE_STANDARD = gnu99;
				GCC_NO_COMMON_BLOCKS = YES;
				GCC_WARN_64_TO_32_BIT_CONVERSION = YES;
				GCC_WARN_ABOUT_RETURN_TYPE = YES_ERROR;
				GCC_WARN_UNDECLARED_SELECTOR = YES;
				GCC_WARN_UNINITIALIZED_AUTOS = YES_AGGRESSIVE;
				GCC_WARN_UNUSED_FUNCTION = YES;
				GCC_WARN_UNUSED_VARIABLE = YES;
				IPHONEOS_DEPLOYMENT_TARGET = 10.2;
				MTL_ENABLE_DEBUG_INFO = NO;
				SDKROOT = iphoneos;
				TARGETED_DEVICE_FAMILY = "1,2";
				VALIDATE_PRODUCT = YES;
			};
			name = Release;
		};
		193AF83F1E48C03E00F35FE4 /* Debug */ = {
			isa = XCBuildConfiguration;
			buildSettings = {
				ASSETCATALOG_COMPILER_APPICON_NAME = AppIcon;
				DEVELOPMENT_TEAM = UA62U3JARN;
				GCC_PREFIX_HEADER = "$(SRCROOT)/DiTing/PrefixHeader.pch";
				INFOPLIST_FILE = DiTing/Info.plist;
				IPHONEOS_DEPLOYMENT_TARGET = 8.0;
				LD_RUNPATH_SEARCH_PATHS = "$(inherited) @executable_path/Frameworks";
				PRODUCT_BUNDLE_IDENTIFIER = com.zyn.DiTing;
				PRODUCT_NAME = "$(TARGET_NAME)";
			};
			name = Debug;
		};
		193AF8401E48C03E00F35FE4 /* Release */ = {
			isa = XCBuildConfiguration;
			buildSettings = {
				ASSETCATALOG_COMPILER_APPICON_NAME = AppIcon;
				DEVELOPMENT_TEAM = UA62U3JARN;
				GCC_PREFIX_HEADER = "$(SRCROOT)/DiTing/PrefixHeader.pch";
				INFOPLIST_FILE = DiTing/Info.plist;
				IPHONEOS_DEPLOYMENT_TARGET = 8.0;
				LD_RUNPATH_SEARCH_PATHS = "$(inherited) @executable_path/Frameworks";
				PRODUCT_BUNDLE_IDENTIFIER = com.zyn.DiTing;
				PRODUCT_NAME = "$(TARGET_NAME)";
			};
			name = Release;
		};
		193AF8421E48C03E00F35FE4 /* Debug */ = {
			isa = XCBuildConfiguration;
			buildSettings = {
				BUNDLE_LOADER = "$(TEST_HOST)";
				DEVELOPMENT_TEAM = UA62U3JARN;
				INFOPLIST_FILE = DiTingTests/Info.plist;
				LD_RUNPATH_SEARCH_PATHS = "$(inherited) @executable_path/Frameworks @loader_path/Frameworks";
				PRODUCT_BUNDLE_IDENTIFIER = com.zyn.DiTingTests;
				PRODUCT_NAME = "$(TARGET_NAME)";
				TEST_HOST = "$(BUILT_PRODUCTS_DIR)/DiTing.app/DiTing";
			};
			name = Debug;
		};
		193AF8431E48C03E00F35FE4 /* Release */ = {
			isa = XCBuildConfiguration;
			buildSettings = {
				BUNDLE_LOADER = "$(TEST_HOST)";
				DEVELOPMENT_TEAM = UA62U3JARN;
				INFOPLIST_FILE = DiTingTests/Info.plist;
				LD_RUNPATH_SEARCH_PATHS = "$(inherited) @executable_path/Frameworks @loader_path/Frameworks";
				PRODUCT_BUNDLE_IDENTIFIER = com.zyn.DiTingTests;
				PRODUCT_NAME = "$(TARGET_NAME)";
				TEST_HOST = "$(BUILT_PRODUCTS_DIR)/DiTing.app/DiTing";
			};
			name = Release;
		};
		193AF8451E48C03E00F35FE4 /* Debug */ = {
			isa = XCBuildConfiguration;
			buildSettings = {
				DEVELOPMENT_TEAM = UA62U3JARN;
				INFOPLIST_FILE = DiTingUITests/Info.plist;
				LD_RUNPATH_SEARCH_PATHS = "$(inherited) @executable_path/Frameworks @loader_path/Frameworks";
				PRODUCT_BUNDLE_IDENTIFIER = com.zyn.DiTingUITests;
				PRODUCT_NAME = "$(TARGET_NAME)";
				TEST_TARGET_NAME = DiTing;
			};
			name = Debug;
		};
		193AF8461E48C03E00F35FE4 /* Release */ = {
			isa = XCBuildConfiguration;
			buildSettings = {
				DEVELOPMENT_TEAM = UA62U3JARN;
				INFOPLIST_FILE = DiTingUITests/Info.plist;
				LD_RUNPATH_SEARCH_PATHS = "$(inherited) @executable_path/Frameworks @loader_path/Frameworks";
				PRODUCT_BUNDLE_IDENTIFIER = com.zyn.DiTingUITests;
				PRODUCT_NAME = "$(TARGET_NAME)";
				TEST_TARGET_NAME = DiTing;
			};
			name = Release;
		};
/* End XCBuildConfiguration section */

/* Begin XCConfigurationList section */
		193AF80C1E48C03E00F35FE4 /* Build configuration list for PBXProject "DiTing" */ = {
			isa = XCConfigurationList;
			buildConfigurations = (
				193AF83C1E48C03E00F35FE4 /* Debug */,
				193AF83D1E48C03E00F35FE4 /* Release */,
			);
			defaultConfigurationIsVisible = 0;
			defaultConfigurationName = Release;
		};
		193AF83E1E48C03E00F35FE4 /* Build configuration list for PBXNativeTarget "DiTing" */ = {
			isa = XCConfigurationList;
			buildConfigurations = (
				193AF83F1E48C03E00F35FE4 /* Debug */,
				193AF8401E48C03E00F35FE4 /* Release */,
			);
			defaultConfigurationIsVisible = 0;
			defaultConfigurationName = Release;
		};
		193AF8411E48C03E00F35FE4 /* Build configuration list for PBXNativeTarget "DiTingTests" */ = {
			isa = XCConfigurationList;
			buildConfigurations = (
				193AF8421E48C03E00F35FE4 /* Debug */,
				193AF8431E48C03E00F35FE4 /* Release */,
			);
			defaultConfigurationIsVisible = 0;
			defaultConfigurationName = Release;
		};
		193AF8441E48C03E00F35FE4 /* Build configuration list for PBXNativeTarget "DiTingUITests" */ = {
			isa = XCConfigurationList;
			buildConfigurations = (
				193AF8451E48C03E00F35FE4 /* Debug */,
				193AF8461E48C03E00F35FE4 /* Release */,
			);
			defaultConfigurationIsVisible = 0;
			defaultConfigurationName = Release;
		};
/* End XCConfigurationList section */
	};
	rootObject = 193AF8091E48C03E00F35FE4 /* Project object */;
}
