// !$*UTF8*$!
{
	archiveVersion = 1;
	classes = {
	};
	objectVersion = 46;
	objects = {

/* Begin PBXBuildFile section */
		193AF8161E48C03E00F35FE4 /* main.m in Sources */ = {isa = PBXBuildFile; fileRef = 193AF8151E48C03E00F35FE4 /* main.m */; };
		193AF81F1E48C03E00F35FE4 /* Main.storyboard in Resources */ = {isa = PBXBuildFile; fileRef = 193AF81D1E48C03E00F35FE4 /* Main.storyboard */; };
		193AF8211E48C03E00F35FE4 /* Assets.xcassets in Resources */ = {isa = PBXBuildFile; fileRef = 193AF8201E48C03E00F35FE4 /* Assets.xcassets */; };
		193AF8241E48C03E00F35FE4 /* LaunchScreen.storyboard in Resources */ = {isa = PBXBuildFile; fileRef = 193AF8221E48C03E00F35FE4 /* LaunchScreen.storyboard */; };
		193AF82F1E48C03E00F35FE4 /* DiTingTests.m in Sources */ = {isa = PBXBuildFile; fileRef = 193AF82E1E48C03E00F35FE4 /* DiTingTests.m */; };
		193AF83A1E48C03E00F35FE4 /* DiTingUITests.m in Sources */ = {isa = PBXBuildFile; fileRef = 193AF8391E48C03E00F35FE4 /* DiTingUITests.m */; };
		193EA9F71E4E0E14008EF309 /* mainList.plist in Resources */ = {isa = PBXBuildFile; fileRef = 193EA9F61E4E0E14008EF309 /* mainList.plist */; };
		198BD6322033138900FEA818 /* IntentHandler.m in Sources */ = {isa = PBXBuildFile; fileRef = 198BD6312033138900FEA818 /* IntentHandler.m */; };
		198BD63B2033138900FEA818 /* IntentsUI.framework in Frameworks */ = {isa = PBXBuildFile; fileRef = 198BD63A2033138900FEA818 /* IntentsUI.framework */; };
		198BD63F2033138900FEA818 /* IntentViewController.m in Sources */ = {isa = PBXBuildFile; fileRef = 198BD63E2033138900FEA818 /* IntentViewController.m */; };
		198BD6422033138900FEA818 /* MainInterface.storyboard in Resources */ = {isa = PBXBuildFile; fileRef = 198BD6402033138900FEA818 /* MainInterface.storyboard */; };
		198BD6462033138900FEA818 /* DITSiriExtensionUI.appex in Embed App Extensions */ = {isa = PBXBuildFile; fileRef = 198BD6382033138900FEA818 /* DITSiriExtensionUI.appex */; settings = {ATTRIBUTES = (RemoveHeadersOnCopy, ); }; };
		198BD6492033138900FEA818 /* DITSiriExtension.appex in Embed App Extensions */ = {isa = PBXBuildFile; fileRef = 198BD62E2033138900FEA818 /* DITSiriExtension.appex */; settings = {ATTRIBUTES = (RemoveHeadersOnCopy, ); }; };
		19BDD03420C82D6900C9117D /* web in Resources */ = {isa = PBXBuildFile; fileRef = 19BDD03320C82D6900C9117D /* web */; };
		19BDD07320D25A9A00C9117D /* DITRuntimeViewController.m in Sources */ = {isa = PBXBuildFile; fileRef = 19BDD06A20D25A9A00C9117D /* DITRuntimeViewController.m */; };
		19BDD07420D25A9A00C9117D /* NSObject+DITKeyValues.m in Sources */ = {isa = PBXBuildFile; fileRef = 19BDD06D20D25A9A00C9117D /* NSObject+DITKeyValues.m */; };
		19BDD07520D25A9A00C9117D /* UITextView+DITPlaceholder.m in Sources */ = {isa = PBXBuildFile; fileRef = 19BDD06E20D25A9A00C9117D /* UITextView+DITPlaceholder.m */; };
		19BDD07620D25A9A00C9117D /* UIImage+DITImage.m in Sources */ = {isa = PBXBuildFile; fileRef = 19BDD06F20D25A9A00C9117D /* UIImage+DITImage.m */; };
		19BDD07A20D2761600C9117D /* DITSubModel.m in Sources */ = {isa = PBXBuildFile; fileRef = 19BDD07920D2761600C9117D /* DITSubModel.m */; };
		19C18A9C206891B20014BEF4 /* DITLoopScrollView.m in Sources */ = {isa = PBXBuildFile; fileRef = 19C18A90206891B20014BEF4 /* DITLoopScrollView.m */; };
		19C18A9D206891B20014BEF4 /* DITCompSlideSelViewController.m in Sources */ = {isa = PBXBuildFile; fileRef = 19C18A93206891B20014BEF4 /* DITCompSlideSelViewController.m */; };
		19C18A9E206891B20014BEF4 /* DITCompSideSelModel.m in Sources */ = {isa = PBXBuildFile; fileRef = 19C18A96206891B20014BEF4 /* DITCompSideSelModel.m */; };
		19C18A9F206891B20014BEF4 /* DITCompSlideSelTableViewCell.m in Sources */ = {isa = PBXBuildFile; fileRef = 19C18A99206891B20014BEF4 /* DITCompSlideSelTableViewCell.m */; };
		19C18AA5206898A10014BEF4 /* DITRecordViewController.m in Sources */ = {isa = PBXBuildFile; fileRef = 19C18AA4206898A10014BEF4 /* DITRecordViewController.m */; };
		19C18AA8206899AD0014BEF4 /* DITRecordView.m in Sources */ = {isa = PBXBuildFile; fileRef = 19C18AA7206899AD0014BEF4 /* DITRecordView.m */; };
		19E1516220A29FB9001D6E60 /* DITUIGestureRecognizerViewController.m in Sources */ = {isa = PBXBuildFile; fileRef = 19E1515F20A29FB9001D6E60 /* DITUIGestureRecognizerViewController.m */; };
		19E1516320A29FB9001D6E60 /* DITUIGestureRecognizerExamplesViewController.m in Sources */ = {isa = PBXBuildFile; fileRef = 19E1516020A29FB9001D6E60 /* DITUIGestureRecognizerExamplesViewController.m */; };
		19E1516620A29FCB001D6E60 /* NSURLSessionDataTaskViewController.m in Sources */ = {isa = PBXBuildFile; fileRef = 19E1516520A29FCB001D6E60 /* NSURLSessionDataTaskViewController.m */; };
		19F123E124A63D66001FA660 /* SDImageHEICCoder.m in Sources */ = {isa = PBXBuildFile; fileRef = 19F1231924A63D66001FA660 /* SDImageHEICCoder.m */; };
		19F123E224A63D66001FA660 /* NSImage+Compatibility.m in Sources */ = {isa = PBXBuildFile; fileRef = 19F1231B24A63D66001FA660 /* NSImage+Compatibility.m */; };
		19F123E424A63D66001FA660 /* SDImageCoder.m in Sources */ = {isa = PBXBuildFile; fileRef = 19F1231F24A63D66001FA660 /* SDImageCoder.m */; };
		19F123E524A63D66001FA660 /* SDWebImageOperation.m in Sources */ = {isa = PBXBuildFile; fileRef = 19F1232224A63D66001FA660 /* SDWebImageOperation.m */; };
		19F123E624A63D66001FA660 /* SDWebImageDownloaderDecryptor.m in Sources */ = {isa = PBXBuildFile; fileRef = 19F1232524A63D66001FA660 /* SDWebImageDownloaderDecryptor.m */; };
		19F123E724A63D66001FA660 /* SDWebImageManager.m in Sources */ = {isa = PBXBuildFile; fileRef = 19F1232924A63D66001FA660 /* SDWebImageManager.m */; };
		19F123E824A63D66001FA660 /* SDImageIOAnimatedCoder.m in Sources */ = {isa = PBXBuildFile; fileRef = 19F1232B24A63D66001FA660 /* SDImageIOAnimatedCoder.m */; };
		19F123E924A63D66001FA660 /* UIImageView+HighlightedWebCache.m in Sources */ = {isa = PBXBuildFile; fileRef = 19F1232D24A63D66001FA660 /* UIImageView+HighlightedWebCache.m */; };
		19F123EA24A63D66001FA660 /* SDAnimatedImage.m in Sources */ = {isa = PBXBuildFile; fileRef = 19F1233224A63D66001FA660 /* SDAnimatedImage.m */; };
		19F123EB24A63D66001FA660 /* SDAnimatedImageView.m in Sources */ = {isa = PBXBuildFile; fileRef = 19F1233324A63D66001FA660 /* SDAnimatedImageView.m */; };
		19F123EC24A63D66001FA660 /* UIImage+ForceDecode.m in Sources */ = {isa = PBXBuildFile; fileRef = 19F1233424A63D66001FA660 /* UIImage+ForceDecode.m */; };
		19F123ED24A63D66001FA660 /* SDAnimatedImagePlayer.m in Sources */ = {isa = PBXBuildFile; fileRef = 19F1233724A63D66001FA660 /* SDAnimatedImagePlayer.m */; };
		19F123EE24A63D66001FA660 /* UIImage+Transform.m in Sources */ = {isa = PBXBuildFile; fileRef = 19F1233824A63D66001FA660 /* UIImage+Transform.m */; };
		19F123EF24A63D66001FA660 /* SDWebImageDownloader.m in Sources */ = {isa = PBXBuildFile; fileRef = 19F1233A24A63D66001FA660 /* SDWebImageDownloader.m */; };
		19F123F024A63D66001FA660 /* SDImageLoader.m in Sources */ = {isa = PBXBuildFile; fileRef = 19F1233C24A63D66001FA660 /* SDImageLoader.m */; };
		19F123F124A63D66001FA660 /* SDWebImageCacheSerializer.m in Sources */ = {isa = PBXBuildFile; fileRef = 19F1233D24A63D66001FA660 /* SDWebImageCacheSerializer.m */; };
		19F123F224A63D66001FA660 /* SDWebImageIndicator.m in Sources */ = {isa = PBXBuildFile; fileRef = 19F1233E24A63D66001FA660 /* SDWebImageIndicator.m */; };
		19F123F424A63D67001FA660 /* UIImage+GIF.m in Sources */ = {isa = PBXBuildFile; fileRef = 19F1234024A63D66001FA660 /* UIImage+GIF.m */; };
		19F123F524A63D67001FA660 /* SDImageCodersManager.m in Sources */ = {isa = PBXBuildFile; fileRef = 19F1234124A63D66001FA660 /* SDImageCodersManager.m */; };
		19F123F624A63D67001FA660 /* UIImage+MultiFormat.m in Sources */ = {isa = PBXBuildFile; fileRef = 19F1234424A63D66001FA660 /* UIImage+MultiFormat.m */; };
		19F123F724A63D67001FA660 /* SDMemoryCache.m in Sources */ = {isa = PBXBuildFile; fileRef = 19F1234524A63D66001FA660 /* SDMemoryCache.m */; };
		19F123F824A63D67001FA660 /* SDWebImageCompat.m in Sources */ = {isa = PBXBuildFile; fileRef = 19F1234724A63D66001FA660 /* SDWebImageCompat.m */; };
		19F123F924A63D67001FA660 /* SDImageAPNGCoder.m in Sources */ = {isa = PBXBuildFile; fileRef = 19F1234824A63D66001FA660 /* SDImageAPNGCoder.m */; };
		19F123FA24A63D67001FA660 /* SDWebImageDownloaderResponseModifier.m in Sources */ = {isa = PBXBuildFile; fileRef = 19F1234924A63D66001FA660 /* SDWebImageDownloaderResponseModifier.m */; };
		19F123FB24A63D67001FA660 /* SDWebImageError.m in Sources */ = {isa = PBXBuildFile; fileRef = 19F1234A24A63D66001FA660 /* SDWebImageError.m */; };
		19F123FC24A63D67001FA660 /* SDWebImagePrefetcher.m in Sources */ = {isa = PBXBuildFile; fileRef = 19F1234B24A63D66001FA660 /* SDWebImagePrefetcher.m */; };
		19F123FD24A63D67001FA660 /* SDImageCoderHelper.m in Sources */ = {isa = PBXBuildFile; fileRef = 19F1234C24A63D66001FA660 /* SDImageCoderHelper.m */; };
		19F123FE24A63D67001FA660 /* NSButton+WebCache.m in Sources */ = {isa = PBXBuildFile; fileRef = 19F1235124A63D66001FA660 /* NSButton+WebCache.m */; };
		19F1240124A63D67001FA660 /* SDAnimatedImageRep.m in Sources */ = {isa = PBXBuildFile; fileRef = 19F1235724A63D66001FA660 /* SDAnimatedImageRep.m */; };
		19F1240224A63D67001FA660 /* UIImage+ExtendedCacheData.m in Sources */ = {isa = PBXBuildFile; fileRef = 19F1235924A63D66001FA660 /* UIImage+ExtendedCacheData.m */; };
		19F1240324A63D67001FA660 /* SDWebImageDownloaderConfig.m in Sources */ = {isa = PBXBuildFile; fileRef = 19F1235B24A63D66001FA660 /* SDWebImageDownloaderConfig.m */; };
		19F1240424A63D67001FA660 /* SDImageCache.m in Sources */ = {isa = PBXBuildFile; fileRef = 19F1235D24A63D66001FA660 /* SDImageCache.m */; };
		19F1240524A63D67001FA660 /* SDImageGIFCoder.m in Sources */ = {isa = PBXBuildFile; fileRef = 19F1235E24A63D66001FA660 /* SDImageGIFCoder.m */; };
		19F1240624A63D67001FA660 /* SDImageFrame.m in Sources */ = {isa = PBXBuildFile; fileRef = 19F1236024A63D66001FA660 /* SDImageFrame.m */; };
		19F1240824A63D67001FA660 /* SDImageLoadersManager.m in Sources */ = {isa = PBXBuildFile; fileRef = 19F1236324A63D66001FA660 /* SDImageLoadersManager.m */; };
		19F1240924A63D67001FA660 /* SDImageCachesManager.m in Sources */ = {isa = PBXBuildFile; fileRef = 19F1236424A63D66001FA660 /* SDImageCachesManager.m */; };
		19F1240A24A63D67001FA660 /* SDWebImageTransition.m in Sources */ = {isa = PBXBuildFile; fileRef = 19F1236524A63D66001FA660 /* SDWebImageTransition.m */; };
		19F1240B24A63D67001FA660 /* SDImageTransformer.m in Sources */ = {isa = PBXBuildFile; fileRef = 19F1236724A63D66001FA660 /* SDImageTransformer.m */; };
		19F1240C24A63D67001FA660 /* NSData+ImageContentType.m in Sources */ = {isa = PBXBuildFile; fileRef = 19F1236824A63D66001FA660 /* NSData+ImageContentType.m */; };
		19F1240D24A63D67001FA660 /* UIImageView+WebCache.m in Sources */ = {isa = PBXBuildFile; fileRef = 19F1236924A63D66001FA660 /* UIImageView+WebCache.m */; };
		19F1240E24A63D67001FA660 /* SDImageGraphics.m in Sources */ = {isa = PBXBuildFile; fileRef = 19F1236C24A63D66001FA660 /* SDImageGraphics.m */; };
		19F1240F24A63D67001FA660 /* SDImageCacheDefine.m in Sources */ = {isa = PBXBuildFile; fileRef = 19F1237124A63D66001FA660 /* SDImageCacheDefine.m */; };
		19F1241024A63D67001FA660 /* UIImage+MemoryCacheCost.m in Sources */ = {isa = PBXBuildFile; fileRef = 19F1237324A63D66001FA660 /* UIImage+MemoryCacheCost.m */; };
		19F1241224A63D67001FA660 /* SDWebImageCacheKeyFilter.m in Sources */ = {isa = PBXBuildFile; fileRef = 19F1237724A63D66001FA660 /* SDWebImageCacheKeyFilter.m */; };
		19F1241324A63D67001FA660 /* SDWebImageDefine.m in Sources */ = {isa = PBXBuildFile; fileRef = 19F1237924A63D66001FA660 /* SDWebImageDefine.m */; };
		19F1241424A63D67001FA660 /* SDWebImageOptionsProcessor.m in Sources */ = {isa = PBXBuildFile; fileRef = 19F1237B24A63D66001FA660 /* SDWebImageOptionsProcessor.m */; };
		19F1241524A63D67001FA660 /* UIView+WebCacheOperation.m in Sources */ = {isa = PBXBuildFile; fileRef = 19F1237C24A63D66001FA660 /* UIView+WebCacheOperation.m */; };
		19F1241624A63D67001FA660 /* UIView+WebCache.m in Sources */ = {isa = PBXBuildFile; fileRef = 19F1237D24A63D66001FA660 /* UIView+WebCache.m */; };
		19F1241724A63D67001FA660 /* UIImage+Metadata.m in Sources */ = {isa = PBXBuildFile; fileRef = 19F1238424A63D66001FA660 /* UIImage+Metadata.m */; };
		19F1241824A63D67001FA660 /* UIButton+WebCache.m in Sources */ = {isa = PBXBuildFile; fileRef = 19F1238624A63D66001FA660 /* UIButton+WebCache.m */; };
		19F1241924A63D67001FA660 /* SDWebImageDownloaderRequestModifier.m in Sources */ = {isa = PBXBuildFile; fileRef = 19F1238724A63D66001FA660 /* SDWebImageDownloaderRequestModifier.m */; };
		19F1241A24A63D67001FA660 /* UIColor+SDHexString.m in Sources */ = {isa = PBXBuildFile; fileRef = 19F123CA24A63D66001FA660 /* UIColor+SDHexString.m */; };
		19F1241B24A63D67001FA660 /* SDImageCachesManagerOperation.m in Sources */ = {isa = PBXBuildFile; fileRef = 19F123CC24A63D66001FA660 /* SDImageCachesManagerOperation.m */; };
		19F1241C24A63D67001FA660 /* SDImageAssetManager.m in Sources */ = {isa = PBXBuildFile; fileRef = 19F123CF24A63D66001FA660 /* SDImageAssetManager.m */; };
		19F1241D24A63D67001FA660 /* SDDeviceHelper.m in Sources */ = {isa = PBXBuildFile; fileRef = 19F123D624A63D66001FA660 /* SDDeviceHelper.m */; };
		19F1241F24A63D67001FA660 /* SDInternalMacros.m in Sources */ = {isa = PBXBuildFile; fileRef = 19F123D824A63D66001FA660 /* SDInternalMacros.m */; };
		19F1242024A63D67001FA660 /* SDFileAttributeHelper.m in Sources */ = {isa = PBXBuildFile; fileRef = 19F123D924A63D66001FA660 /* SDFileAttributeHelper.m */; };
		19F1242124A63D67001FA660 /* NSBezierPath+SDRoundedCorners.m in Sources */ = {isa = PBXBuildFile; fileRef = 19F123DB24A63D66001FA660 /* NSBezierPath+SDRoundedCorners.m */; };
		19F1242224A63D67001FA660 /* SDDisplayLink.m in Sources */ = {isa = PBXBuildFile; fileRef = 19F123DD24A63D66001FA660 /* SDDisplayLink.m */; };
		19F1242424A63D67001FA660 /* SDAssociatedObject.m in Sources */ = {isa = PBXBuildFile; fileRef = 19F123E024A63D66001FA660 /* SDAssociatedObject.m */; };
		19F769941F5C48D90050775C /* MASCompositeConstraint.m in Sources */ = {isa = PBXBuildFile; fileRef = 19F7697B1F5C48D90050775C /* MASCompositeConstraint.m */; };
		19F769951F5C48D90050775C /* MASConstraint.m in Sources */ = {isa = PBXBuildFile; fileRef = 19F7697E1F5C48D90050775C /* MASConstraint.m */; };
		19F769961F5C48D90050775C /* MASConstraintMaker.m in Sources */ = {isa = PBXBuildFile; fileRef = 19F769801F5C48D90050775C /* MASConstraintMaker.m */; };
		19F769971F5C48D90050775C /* MASLayoutConstraint.m in Sources */ = {isa = PBXBuildFile; fileRef = 19F769821F5C48D90050775C /* MASLayoutConstraint.m */; };
		19F769981F5C48D90050775C /* MASViewAttribute.m in Sources */ = {isa = PBXBuildFile; fileRef = 19F769861F5C48D90050775C /* MASViewAttribute.m */; };
		19F7699A1F5C48D90050775C /* NSArray+MASAdditions.m in Sources */ = {isa = PBXBuildFile; fileRef = 19F7698A1F5C48D90050775C /* NSArray+MASAdditions.m */; };
		19F7699B1F5C48D90050775C /* NSLayoutConstraint+MASDebugAdditions.m in Sources */ = {isa = PBXBuildFile; fileRef = 19F7698D1F5C48D90050775C /* NSLayoutConstraint+MASDebugAdditions.m */; };
		19F7699C1F5C48D90050775C /* View+MASAdditions.m in Sources */ = {isa = PBXBuildFile; fileRef = 19F7698F1F5C48D90050775C /* View+MASAdditions.m */; };
		19F7699D1F5C48D90050775C /* ViewController+MASAdditions.m in Sources */ = {isa = PBXBuildFile; fileRef = 19F769921F5C48D90050775C /* ViewController+MASAdditions.m */; };
		19F769AC1F5C48EA0050775C /* AFHTTPSessionManager.m in Sources */ = {isa = PBXBuildFile; fileRef = 19F769A01F5C48EA0050775C /* AFHTTPSessionManager.m */; };
		19F769AE1F5C48EA0050775C /* AFSecurityPolicy.m in Sources */ = {isa = PBXBuildFile; fileRef = 19F769A51F5C48EA0050775C /* AFSecurityPolicy.m */; };
		19F769AF1F5C48EA0050775C /* AFURLRequestSerialization.m in Sources */ = {isa = PBXBuildFile; fileRef = 19F769A71F5C48EA0050775C /* AFURLRequestSerialization.m */; };
		19F769B01F5C48EA0050775C /* AFURLResponseSerialization.m in Sources */ = {isa = PBXBuildFile; fileRef = 19F769A91F5C48EA0050775C /* AFURLResponseSerialization.m */; };
		19F769B11F5C48EA0050775C /* AFURLSessionManager.m in Sources */ = {isa = PBXBuildFile; fileRef = 19F769AB1F5C48EA0050775C /* AFURLSessionManager.m */; };
		7C0FF03F299B3C5200D71DA6 /* ToolCommonDefine.m in Sources */ = {isa = PBXBuildFile; fileRef = 7C0FF03E299B3C5200D71DA6 /* ToolCommonDefine.m */; };
		7C8D2A582927198400E77958 /* DITSettingViewController.swift in Sources */ = {isa = PBXBuildFile; fileRef = 7C8D2A562927198400E77958 /* DITSettingViewController.swift */; };
/* End PBXBuildFile section */

/* Begin PBXContainerItemProxy section */
		193AF82B1E48C03E00F35FE4 /* PBXContainerItemProxy */ = {
			isa = PBXContainerItemProxy;
			containerPortal = 193AF8091E48C03E00F35FE4 /* Project object */;
			proxyType = 1;
			remoteGlobalIDString = 193AF8101E48C03E00F35FE4;
			remoteInfo = DiTing;
		};
		193AF8361E48C03E00F35FE4 /* PBXContainerItemProxy */ = {
			isa = PBXContainerItemProxy;
			containerPortal = 193AF8091E48C03E00F35FE4 /* Project object */;
			proxyType = 1;
			remoteGlobalIDString = 193AF8101E48C03E00F35FE4;
			remoteInfo = DiTing;
		};
		198BD6442033138900FEA818 /* PBXContainerItemProxy */ = {
			isa = PBXContainerItemProxy;
			containerPortal = 193AF8091E48C03E00F35FE4 /* Project object */;
			proxyType = 1;
			remoteGlobalIDString = 198BD6372033138900FEA818;
			remoteInfo = DITSiriExtensionUI;
		};
		198BD6472033138900FEA818 /* PBXContainerItemProxy */ = {
			isa = PBXContainerItemProxy;
			containerPortal = 193AF8091E48C03E00F35FE4 /* Project object */;
			proxyType = 1;
			remoteGlobalIDString = 198BD62D2033138900FEA818;
			remoteInfo = DITSiriExtension;
		};
/* End PBXContainerItemProxy section */

/* Begin PBXCopyFilesBuildPhase section */
		198BD6502033138900FEA818 /* Embed App Extensions */ = {
			isa = PBXCopyFilesBuildPhase;
			buildActionMask = 2147483647;
			dstPath = "";
			dstSubfolderSpec = 13;
			files = (
				198BD6462033138900FEA818 /* DITSiriExtensionUI.appex in Embed App Extensions */,
				198BD6492033138900FEA818 /* DITSiriExtension.appex in Embed App Extensions */,
			);
			name = "Embed App Extensions";
			runOnlyForDeploymentPostprocessing = 0;
		};
/* End PBXCopyFilesBuildPhase section */

/* Begin PBXFileReference section */
		193AF8111E48C03E00F35FE4 /* DiTing.app */ = {isa = PBXFileReference; explicitFileType = wrapper.application; includeInIndex = 0; path = DiTing.app; sourceTree = BUILT_PRODUCTS_DIR; };
		193AF8151E48C03E00F35FE4 /* main.m */ = {isa = PBXFileReference; lastKnownFileType = sourcecode.c.objc; path = main.m; sourceTree = "<group>"; };
		193AF81E1E48C03E00F35FE4 /* Base */ = {isa = PBXFileReference; lastKnownFileType = file.storyboard; name = Base; path = Base.lproj/Main.storyboard; sourceTree = "<group>"; };
		193AF8201E48C03E00F35FE4 /* Assets.xcassets */ = {isa = PBXFileReference; lastKnownFileType = folder.assetcatalog; path = Assets.xcassets; sourceTree = "<group>"; };
		193AF8231E48C03E00F35FE4 /* Base */ = {isa = PBXFileReference; lastKnownFileType = file.storyboard; name = Base; path = Base.lproj/LaunchScreen.storyboard; sourceTree = "<group>"; };
		193AF8251E48C03E00F35FE4 /* Info.plist */ = {isa = PBXFileReference; lastKnownFileType = text.plist.xml; path = Info.plist; sourceTree = "<group>"; };
		193AF82A1E48C03E00F35FE4 /* DiTingTests.xctest */ = {isa = PBXFileReference; explicitFileType = wrapper.cfbundle; includeInIndex = 0; path = DiTingTests.xctest; sourceTree = BUILT_PRODUCTS_DIR; };
		193AF82E1E48C03E00F35FE4 /* DiTingTests.m */ = {isa = PBXFileReference; lastKnownFileType = sourcecode.c.objc; path = DiTingTests.m; sourceTree = "<group>"; };
		193AF8301E48C03E00F35FE4 /* Info.plist */ = {isa = PBXFileReference; lastKnownFileType = text.plist.xml; path = Info.plist; sourceTree = "<group>"; };
		193AF8351E48C03E00F35FE4 /* DiTingUITests.xctest */ = {isa = PBXFileReference; explicitFileType = wrapper.cfbundle; includeInIndex = 0; path = DiTingUITests.xctest; sourceTree = BUILT_PRODUCTS_DIR; };
		193AF8391E48C03E00F35FE4 /* DiTingUITests.m */ = {isa = PBXFileReference; lastKnownFileType = sourcecode.c.objc; path = DiTingUITests.m; sourceTree = "<group>"; };
		193AF83B1E48C03E00F35FE4 /* Info.plist */ = {isa = PBXFileReference; lastKnownFileType = text.plist.xml; path = Info.plist; sourceTree = "<group>"; };
		193EA9F61E4E0E14008EF309 /* mainList.plist */ = {isa = PBXFileReference; fileEncoding = 4; lastKnownFileType = text.plist.xml; path = mainList.plist; sourceTree = "<group>"; };
		198BD62E2033138900FEA818 /* DITSiriExtension.appex */ = {isa = PBXFileReference; explicitFileType = "wrapper.app-extension"; includeInIndex = 0; path = DITSiriExtension.appex; sourceTree = BUILT_PRODUCTS_DIR; };
		198BD6302033138900FEA818 /* IntentHandler.h */ = {isa = PBXFileReference; lastKnownFileType = sourcecode.c.h; path = IntentHandler.h; sourceTree = "<group>"; };
		198BD6312033138900FEA818 /* IntentHandler.m */ = {isa = PBXFileReference; lastKnownFileType = sourcecode.c.objc; path = IntentHandler.m; sourceTree = "<group>"; };
		198BD6332033138900FEA818 /* Info.plist */ = {isa = PBXFileReference; lastKnownFileType = text.plist.xml; path = Info.plist; sourceTree = "<group>"; };
		198BD6382033138900FEA818 /* DITSiriExtensionUI.appex */ = {isa = PBXFileReference; explicitFileType = "wrapper.app-extension"; includeInIndex = 0; path = DITSiriExtensionUI.appex; sourceTree = BUILT_PRODUCTS_DIR; };
		198BD63A2033138900FEA818 /* IntentsUI.framework */ = {isa = PBXFileReference; lastKnownFileType = wrapper.framework; name = IntentsUI.framework; path = System/Library/Frameworks/IntentsUI.framework; sourceTree = SDKROOT; };
		198BD63D2033138900FEA818 /* IntentViewController.h */ = {isa = PBXFileReference; lastKnownFileType = sourcecode.c.h; path = IntentViewController.h; sourceTree = "<group>"; };
		198BD63E2033138900FEA818 /* IntentViewController.m */ = {isa = PBXFileReference; lastKnownFileType = sourcecode.c.objc; path = IntentViewController.m; sourceTree = "<group>"; };
		198BD6412033138900FEA818 /* Base */ = {isa = PBXFileReference; lastKnownFileType = file.storyboard; name = Base; path = Base.lproj/MainInterface.storyboard; sourceTree = "<group>"; };
		198BD6432033138900FEA818 /* Info.plist */ = {isa = PBXFileReference; lastKnownFileType = text.plist.xml; path = Info.plist; sourceTree = "<group>"; };
		198BD6512034723E00FEA818 /* DiTing.entitlements */ = {isa = PBXFileReference; lastKnownFileType = text.plist.entitlements; path = DiTing.entitlements; sourceTree = "<group>"; };
		19A2D7CA1F45EDD200341A7E /* PrefixHeader.pch */ = {isa = PBXFileReference; fileEncoding = 4; lastKnownFileType = sourcecode.c.h; path = PrefixHeader.pch; sourceTree = "<group>"; };
		19BDD03320C82D6900C9117D /* web */ = {isa = PBXFileReference; lastKnownFileType = folder; path = web; sourceTree = "<group>"; };
		19BDD06A20D25A9A00C9117D /* DITRuntimeViewController.m */ = {isa = PBXFileReference; fileEncoding = 4; lastKnownFileType = sourcecode.c.objc; path = DITRuntimeViewController.m; sourceTree = "<group>"; };
		19BDD06D20D25A9A00C9117D /* NSObject+DITKeyValues.m */ = {isa = PBXFileReference; fileEncoding = 4; lastKnownFileType = sourcecode.c.objc; path = "NSObject+DITKeyValues.m"; sourceTree = "<group>"; };
		19BDD06E20D25A9A00C9117D /* UITextView+DITPlaceholder.m */ = {isa = PBXFileReference; fileEncoding = 4; lastKnownFileType = sourcecode.c.objc; path = "UITextView+DITPlaceholder.m"; sourceTree = "<group>"; };
		19BDD06F20D25A9A00C9117D /* UIImage+DITImage.m */ = {isa = PBXFileReference; fileEncoding = 4; lastKnownFileType = sourcecode.c.objc; path = "UIImage+DITImage.m"; sourceTree = "<group>"; };
		19BDD07920D2761600C9117D /* DITSubModel.m */ = {isa = PBXFileReference; lastKnownFileType = sourcecode.c.objc; path = DITSubModel.m; sourceTree = "<group>"; };
		19C18A90206891B20014BEF4 /* DITLoopScrollView.m */ = {isa = PBXFileReference; fileEncoding = 4; lastKnownFileType = sourcecode.c.objc; path = DITLoopScrollView.m; sourceTree = "<group>"; };
		19C18A93206891B20014BEF4 /* DITCompSlideSelViewController.m */ = {isa = PBXFileReference; fileEncoding = 4; lastKnownFileType = sourcecode.c.objc; path = DITCompSlideSelViewController.m; sourceTree = "<group>"; };
		19C18A96206891B20014BEF4 /* DITCompSideSelModel.m */ = {isa = PBXFileReference; fileEncoding = 4; lastKnownFileType = sourcecode.c.objc; path = DITCompSideSelModel.m; sourceTree = "<group>"; };
		19C18A99206891B20014BEF4 /* DITCompSlideSelTableViewCell.m */ = {isa = PBXFileReference; fileEncoding = 4; lastKnownFileType = sourcecode.c.objc; path = DITCompSlideSelTableViewCell.m; sourceTree = "<group>"; };
		19C18AA4206898A10014BEF4 /* DITRecordViewController.m */ = {isa = PBXFileReference; lastKnownFileType = sourcecode.c.objc; path = DITRecordViewController.m; sourceTree = "<group>"; };
		19C18AA7206899AD0014BEF4 /* DITRecordView.m */ = {isa = PBXFileReference; lastKnownFileType = sourcecode.c.objc; path = DITRecordView.m; sourceTree = "<group>"; };
		19E1515F20A29FB9001D6E60 /* DITUIGestureRecognizerViewController.m */ = {isa = PBXFileReference; fileEncoding = 4; lastKnownFileType = sourcecode.c.objc; path = DITUIGestureRecognizerViewController.m; sourceTree = "<group>"; };
		19E1516020A29FB9001D6E60 /* DITUIGestureRecognizerExamplesViewController.m */ = {isa = PBXFileReference; fileEncoding = 4; lastKnownFileType = sourcecode.c.objc; path = DITUIGestureRecognizerExamplesViewController.m; sourceTree = "<group>"; };
		19E1516520A29FCB001D6E60 /* NSURLSessionDataTaskViewController.m */ = {isa = PBXFileReference; lastKnownFileType = sourcecode.c.objc; path = NSURLSessionDataTaskViewController.m; sourceTree = "<group>"; };
		19F1231924A63D66001FA660 /* SDImageHEICCoder.m */ = {isa = PBXFileReference; fileEncoding = 4; lastKnownFileType = sourcecode.c.objc; path = SDImageHEICCoder.m; sourceTree = "<group>"; };
		19F1231B24A63D66001FA660 /* NSImage+Compatibility.m */ = {isa = PBXFileReference; fileEncoding = 4; lastKnownFileType = sourcecode.c.objc; path = "NSImage+Compatibility.m"; sourceTree = "<group>"; };
		19F1231F24A63D66001FA660 /* SDImageCoder.m */ = {isa = PBXFileReference; fileEncoding = 4; lastKnownFileType = sourcecode.c.objc; path = SDImageCoder.m; sourceTree = "<group>"; };
		19F1232224A63D66001FA660 /* SDWebImageOperation.m */ = {isa = PBXFileReference; fileEncoding = 4; lastKnownFileType = sourcecode.c.objc; path = SDWebImageOperation.m; sourceTree = "<group>"; };
		19F1232524A63D66001FA660 /* SDWebImageDownloaderDecryptor.m */ = {isa = PBXFileReference; fileEncoding = 4; lastKnownFileType = sourcecode.c.objc; path = SDWebImageDownloaderDecryptor.m; sourceTree = "<group>"; };
		19F1232924A63D66001FA660 /* SDWebImageManager.m */ = {isa = PBXFileReference; fileEncoding = 4; lastKnownFileType = sourcecode.c.objc; path = SDWebImageManager.m; sourceTree = "<group>"; };
		19F1232B24A63D66001FA660 /* SDImageIOAnimatedCoder.m */ = {isa = PBXFileReference; fileEncoding = 4; lastKnownFileType = sourcecode.c.objc; path = SDImageIOAnimatedCoder.m; sourceTree = "<group>"; };
		19F1232D24A63D66001FA660 /* UIImageView+HighlightedWebCache.m */ = {isa = PBXFileReference; fileEncoding = 4; lastKnownFileType = sourcecode.c.objc; path = "UIImageView+HighlightedWebCache.m"; sourceTree = "<group>"; };
		19F1233224A63D66001FA660 /* SDAnimatedImage.m */ = {isa = PBXFileReference; fileEncoding = 4; lastKnownFileType = sourcecode.c.objc; path = SDAnimatedImage.m; sourceTree = "<group>"; };
		19F1233324A63D66001FA660 /* SDAnimatedImageView.m */ = {isa = PBXFileReference; fileEncoding = 4; lastKnownFileType = sourcecode.c.objc; path = SDAnimatedImageView.m; sourceTree = "<group>"; };
		19F1233424A63D66001FA660 /* UIImage+ForceDecode.m */ = {isa = PBXFileReference; fileEncoding = 4; lastKnownFileType = sourcecode.c.objc; path = "UIImage+ForceDecode.m"; sourceTree = "<group>"; };
		19F1233724A63D66001FA660 /* SDAnimatedImagePlayer.m */ = {isa = PBXFileReference; fileEncoding = 4; lastKnownFileType = sourcecode.c.objc; path = SDAnimatedImagePlayer.m; sourceTree = "<group>"; };
		19F1233824A63D66001FA660 /* UIImage+Transform.m */ = {isa = PBXFileReference; fileEncoding = 4; lastKnownFileType = sourcecode.c.objc; path = "UIImage+Transform.m"; sourceTree = "<group>"; };
		19F1233A24A63D66001FA660 /* SDWebImageDownloader.m */ = {isa = PBXFileReference; fileEncoding = 4; lastKnownFileType = sourcecode.c.objc; path = SDWebImageDownloader.m; sourceTree = "<group>"; };
		19F1233C24A63D66001FA660 /* SDImageLoader.m */ = {isa = PBXFileReference; fileEncoding = 4; lastKnownFileType = sourcecode.c.objc; path = SDImageLoader.m; sourceTree = "<group>"; };
		19F1233D24A63D66001FA660 /* SDWebImageCacheSerializer.m */ = {isa = PBXFileReference; fileEncoding = 4; lastKnownFileType = sourcecode.c.objc; path = SDWebImageCacheSerializer.m; sourceTree = "<group>"; };
		19F1233E24A63D66001FA660 /* SDWebImageIndicator.m */ = {isa = PBXFileReference; fileEncoding = 4; lastKnownFileType = sourcecode.c.objc; path = SDWebImageIndicator.m; sourceTree = "<group>"; };
		19F1234024A63D66001FA660 /* UIImage+GIF.m */ = {isa = PBXFileReference; fileEncoding = 4; lastKnownFileType = sourcecode.c.objc; path = "UIImage+GIF.m"; sourceTree = "<group>"; };
		19F1234124A63D66001FA660 /* SDImageCodersManager.m */ = {isa = PBXFileReference; fileEncoding = 4; lastKnownFileType = sourcecode.c.objc; path = SDImageCodersManager.m; sourceTree = "<group>"; };
		19F1234424A63D66001FA660 /* UIImage+MultiFormat.m */ = {isa = PBXFileReference; fileEncoding = 4; lastKnownFileType = sourcecode.c.objc; path = "UIImage+MultiFormat.m"; sourceTree = "<group>"; };
		19F1234524A63D66001FA660 /* SDMemoryCache.m */ = {isa = PBXFileReference; fileEncoding = 4; lastKnownFileType = sourcecode.c.objc; path = SDMemoryCache.m; sourceTree = "<group>"; };
		19F1234724A63D66001FA660 /* SDWebImageCompat.m */ = {isa = PBXFileReference; fileEncoding = 4; lastKnownFileType = sourcecode.c.objc; path = SDWebImageCompat.m; sourceTree = "<group>"; };
		19F1234824A63D66001FA660 /* SDImageAPNGCoder.m */ = {isa = PBXFileReference; fileEncoding = 4; lastKnownFileType = sourcecode.c.objc; path = SDImageAPNGCoder.m; sourceTree = "<group>"; };
		19F1234924A63D66001FA660 /* SDWebImageDownloaderResponseModifier.m */ = {isa = PBXFileReference; fileEncoding = 4; lastKnownFileType = sourcecode.c.objc; path = SDWebImageDownloaderResponseModifier.m; sourceTree = "<group>"; };
		19F1234A24A63D66001FA660 /* SDWebImageError.m */ = {isa = PBXFileReference; fileEncoding = 4; lastKnownFileType = sourcecode.c.objc; path = SDWebImageError.m; sourceTree = "<group>"; };
		19F1234B24A63D66001FA660 /* SDWebImagePrefetcher.m */ = {isa = PBXFileReference; fileEncoding = 4; lastKnownFileType = sourcecode.c.objc; path = SDWebImagePrefetcher.m; sourceTree = "<group>"; };
		19F1234C24A63D66001FA660 /* SDImageCoderHelper.m */ = {isa = PBXFileReference; fileEncoding = 4; lastKnownFileType = sourcecode.c.objc; path = SDImageCoderHelper.m; sourceTree = "<group>"; };
		19F1235124A63D66001FA660 /* NSButton+WebCache.m */ = {isa = PBXFileReference; fileEncoding = 4; lastKnownFileType = sourcecode.c.objc; path = "NSButton+WebCache.m"; sourceTree = "<group>"; };
		19F1235724A63D66001FA660 /* SDAnimatedImageRep.m */ = {isa = PBXFileReference; fileEncoding = 4; lastKnownFileType = sourcecode.c.objc; path = SDAnimatedImageRep.m; sourceTree = "<group>"; };
		19F1235924A63D66001FA660 /* UIImage+ExtendedCacheData.m */ = {isa = PBXFileReference; fileEncoding = 4; lastKnownFileType = sourcecode.c.objc; path = "UIImage+ExtendedCacheData.m"; sourceTree = "<group>"; };
		19F1235B24A63D66001FA660 /* SDWebImageDownloaderConfig.m */ = {isa = PBXFileReference; fileEncoding = 4; lastKnownFileType = sourcecode.c.objc; path = SDWebImageDownloaderConfig.m; sourceTree = "<group>"; };
		19F1235D24A63D66001FA660 /* SDImageCache.m */ = {isa = PBXFileReference; fileEncoding = 4; lastKnownFileType = sourcecode.c.objc; path = SDImageCache.m; sourceTree = "<group>"; };
		19F1235E24A63D66001FA660 /* SDImageGIFCoder.m */ = {isa = PBXFileReference; fileEncoding = 4; lastKnownFileType = sourcecode.c.objc; path = SDImageGIFCoder.m; sourceTree = "<group>"; };
		19F1236024A63D66001FA660 /* SDImageFrame.m */ = {isa = PBXFileReference; fileEncoding = 4; lastKnownFileType = sourcecode.c.objc; path = SDImageFrame.m; sourceTree = "<group>"; };
		19F1236324A63D66001FA660 /* SDImageLoadersManager.m */ = {isa = PBXFileReference; fileEncoding = 4; lastKnownFileType = sourcecode.c.objc; path = SDImageLoadersManager.m; sourceTree = "<group>"; };
		19F1236424A63D66001FA660 /* SDImageCachesManager.m */ = {isa = PBXFileReference; fileEncoding = 4; lastKnownFileType = sourcecode.c.objc; path = SDImageCachesManager.m; sourceTree = "<group>"; };
		19F1236524A63D66001FA660 /* SDWebImageTransition.m */ = {isa = PBXFileReference; fileEncoding = 4; lastKnownFileType = sourcecode.c.objc; path = SDWebImageTransition.m; sourceTree = "<group>"; };
		19F1236724A63D66001FA660 /* SDImageTransformer.m */ = {isa = PBXFileReference; fileEncoding = 4; lastKnownFileType = sourcecode.c.objc; path = SDImageTransformer.m; sourceTree = "<group>"; };
		19F1236824A63D66001FA660 /* NSData+ImageContentType.m */ = {isa = PBXFileReference; fileEncoding = 4; lastKnownFileType = sourcecode.c.objc; path = "NSData+ImageContentType.m"; sourceTree = "<group>"; };
		19F1236924A63D66001FA660 /* UIImageView+WebCache.m */ = {isa = PBXFileReference; fileEncoding = 4; lastKnownFileType = sourcecode.c.objc; path = "UIImageView+WebCache.m"; sourceTree = "<group>"; };
		19F1236C24A63D66001FA660 /* SDImageGraphics.m */ = {isa = PBXFileReference; fileEncoding = 4; lastKnownFileType = sourcecode.c.objc; path = SDImageGraphics.m; sourceTree = "<group>"; };
		19F1237124A63D66001FA660 /* SDImageCacheDefine.m */ = {isa = PBXFileReference; fileEncoding = 4; lastKnownFileType = sourcecode.c.objc; path = SDImageCacheDefine.m; sourceTree = "<group>"; };
		19F1237324A63D66001FA660 /* UIImage+MemoryCacheCost.m */ = {isa = PBXFileReference; fileEncoding = 4; lastKnownFileType = sourcecode.c.objc; path = "UIImage+MemoryCacheCost.m"; sourceTree = "<group>"; };
		19F1237724A63D66001FA660 /* SDWebImageCacheKeyFilter.m */ = {isa = PBXFileReference; fileEncoding = 4; lastKnownFileType = sourcecode.c.objc; path = SDWebImageCacheKeyFilter.m; sourceTree = "<group>"; };
		19F1237924A63D66001FA660 /* SDWebImageDefine.m */ = {isa = PBXFileReference; fileEncoding = 4; lastKnownFileType = sourcecode.c.objc; path = SDWebImageDefine.m; sourceTree = "<group>"; };
		19F1237B24A63D66001FA660 /* SDWebImageOptionsProcessor.m */ = {isa = PBXFileReference; fileEncoding = 4; lastKnownFileType = sourcecode.c.objc; path = SDWebImageOptionsProcessor.m; sourceTree = "<group>"; };
		19F1237C24A63D66001FA660 /* UIView+WebCacheOperation.m */ = {isa = PBXFileReference; fileEncoding = 4; lastKnownFileType = sourcecode.c.objc; path = "UIView+WebCacheOperation.m"; sourceTree = "<group>"; };
		19F1237D24A63D66001FA660 /* UIView+WebCache.m */ = {isa = PBXFileReference; fileEncoding = 4; lastKnownFileType = sourcecode.c.objc; path = "UIView+WebCache.m"; sourceTree = "<group>"; };
		19F1238424A63D66001FA660 /* UIImage+Metadata.m */ = {isa = PBXFileReference; fileEncoding = 4; lastKnownFileType = sourcecode.c.objc; path = "UIImage+Metadata.m"; sourceTree = "<group>"; };
		19F1238624A63D66001FA660 /* UIButton+WebCache.m */ = {isa = PBXFileReference; fileEncoding = 4; lastKnownFileType = sourcecode.c.objc; path = "UIButton+WebCache.m"; sourceTree = "<group>"; };
		19F1238724A63D66001FA660 /* SDWebImageDownloaderRequestModifier.m */ = {isa = PBXFileReference; fileEncoding = 4; lastKnownFileType = sourcecode.c.objc; path = SDWebImageDownloaderRequestModifier.m; sourceTree = "<group>"; };
		19F123CA24A63D66001FA660 /* UIColor+SDHexString.m */ = {isa = PBXFileReference; fileEncoding = 4; lastKnownFileType = sourcecode.c.objc; path = "UIColor+SDHexString.m"; sourceTree = "<group>"; };
		19F123CC24A63D66001FA660 /* SDImageCachesManagerOperation.m */ = {isa = PBXFileReference; fileEncoding = 4; lastKnownFileType = sourcecode.c.objc; path = SDImageCachesManagerOperation.m; sourceTree = "<group>"; };
		19F123CF24A63D66001FA660 /* SDImageAssetManager.m */ = {isa = PBXFileReference; fileEncoding = 4; lastKnownFileType = sourcecode.c.objc; path = SDImageAssetManager.m; sourceTree = "<group>"; };
		19F123D624A63D66001FA660 /* SDDeviceHelper.m */ = {isa = PBXFileReference; fileEncoding = 4; lastKnownFileType = sourcecode.c.objc; path = SDDeviceHelper.m; sourceTree = "<group>"; };
		19F123D824A63D66001FA660 /* SDInternalMacros.m */ = {isa = PBXFileReference; fileEncoding = 4; lastKnownFileType = sourcecode.c.objc; path = SDInternalMacros.m; sourceTree = "<group>"; };
		19F123D924A63D66001FA660 /* SDFileAttributeHelper.m */ = {isa = PBXFileReference; fileEncoding = 4; lastKnownFileType = sourcecode.c.objc; path = SDFileAttributeHelper.m; sourceTree = "<group>"; };
		19F123DB24A63D66001FA660 /* NSBezierPath+SDRoundedCorners.m */ = {isa = PBXFileReference; fileEncoding = 4; lastKnownFileType = sourcecode.c.objc; path = "NSBezierPath+SDRoundedCorners.m"; sourceTree = "<group>"; };
		19F123DD24A63D66001FA660 /* SDDisplayLink.m */ = {isa = PBXFileReference; fileEncoding = 4; lastKnownFileType = sourcecode.c.objc; path = SDDisplayLink.m; sourceTree = "<group>"; };
		19F123E024A63D66001FA660 /* SDAssociatedObject.m */ = {isa = PBXFileReference; fileEncoding = 4; lastKnownFileType = sourcecode.c.objc; path = SDAssociatedObject.m; sourceTree = "<group>"; };
		19F7697B1F5C48D90050775C /* MASCompositeConstraint.m */ = {isa = PBXFileReference; fileEncoding = 4; lastKnownFileType = sourcecode.c.objc; path = MASCompositeConstraint.m; sourceTree = "<group>"; };
		19F7697E1F5C48D90050775C /* MASConstraint.m */ = {isa = PBXFileReference; fileEncoding = 4; lastKnownFileType = sourcecode.c.objc; path = MASConstraint.m; sourceTree = "<group>"; };
		19F769801F5C48D90050775C /* MASConstraintMaker.m */ = {isa = PBXFileReference; fileEncoding = 4; lastKnownFileType = sourcecode.c.objc; path = MASConstraintMaker.m; sourceTree = "<group>"; };
		19F769821F5C48D90050775C /* MASLayoutConstraint.m */ = {isa = PBXFileReference; fileEncoding = 4; lastKnownFileType = sourcecode.c.objc; path = MASLayoutConstraint.m; sourceTree = "<group>"; };
		19F769861F5C48D90050775C /* MASViewAttribute.m */ = {isa = PBXFileReference; fileEncoding = 4; lastKnownFileType = sourcecode.c.objc; path = MASViewAttribute.m; sourceTree = "<group>"; };
		19F7698A1F5C48D90050775C /* NSArray+MASAdditions.m */ = {isa = PBXFileReference; fileEncoding = 4; lastKnownFileType = sourcecode.c.objc; path = "NSArray+MASAdditions.m"; sourceTree = "<group>"; };
		19F7698D1F5C48D90050775C /* NSLayoutConstraint+MASDebugAdditions.m */ = {isa = PBXFileReference; fileEncoding = 4; lastKnownFileType = sourcecode.c.objc; path = "NSLayoutConstraint+MASDebugAdditions.m"; sourceTree = "<group>"; };
		19F7698F1F5C48D90050775C /* View+MASAdditions.m */ = {isa = PBXFileReference; fileEncoding = 4; lastKnownFileType = sourcecode.c.objc; path = "View+MASAdditions.m"; sourceTree = "<group>"; };
		19F769921F5C48D90050775C /* ViewController+MASAdditions.m */ = {isa = PBXFileReference; fileEncoding = 4; lastKnownFileType = sourcecode.c.objc; path = "ViewController+MASAdditions.m"; sourceTree = "<group>"; };
		19F769A01F5C48EA0050775C /* AFHTTPSessionManager.m */ = {isa = PBXFileReference; fileEncoding = 4; lastKnownFileType = sourcecode.c.objc; path = AFHTTPSessionManager.m; sourceTree = "<group>"; };
		19F769A51F5C48EA0050775C /* AFSecurityPolicy.m */ = {isa = PBXFileReference; fileEncoding = 4; lastKnownFileType = sourcecode.c.objc; path = AFSecurityPolicy.m; sourceTree = "<group>"; };
		19F769A71F5C48EA0050775C /* AFURLRequestSerialization.m */ = {isa = PBXFileReference; fileEncoding = 4; lastKnownFileType = sourcecode.c.objc; path = AFURLRequestSerialization.m; sourceTree = "<group>"; };
		19F769A91F5C48EA0050775C /* AFURLResponseSerialization.m */ = {isa = PBXFileReference; fileEncoding = 4; lastKnownFileType = sourcecode.c.objc; path = AFURLResponseSerialization.m; sourceTree = "<group>"; };
		19F769AB1F5C48EA0050775C /* AFURLSessionManager.m */ = {isa = PBXFileReference; fileEncoding = 4; lastKnownFileType = sourcecode.c.objc; path = AFURLSessionManager.m; sourceTree = "<group>"; };
		7C0FF03D299B3C5200D71DA6 /* ToolCommonDefine.h */ = {isa = PBXFileReference; fileEncoding = 4; lastKnownFileType = sourcecode.c.h; path = ToolCommonDefine.h; sourceTree = "<group>"; };
		7C0FF03E299B3C5200D71DA6 /* ToolCommonDefine.m */ = {isa = PBXFileReference; fileEncoding = 4; lastKnownFileType = sourcecode.c.objc; path = ToolCommonDefine.m; sourceTree = "<group>"; };
		7C8D2A562927198400E77958 /* DITSettingViewController.swift */ = {isa = PBXFileReference; lastKnownFileType = sourcecode.swift; path = DITSettingViewController.swift; sourceTree = "<group>"; };
/* End PBXFileReference section */

/* Begin PBXFrameworksBuildPhase section */
		193AF80E1E48C03E00F35FE4 /* Frameworks */ = {
			isa = PBXFrameworksBuildPhase;
			buildActionMask = 2147483647;
			files = (
			);
			runOnlyForDeploymentPostprocessing = 0;
		};
		193AF8271E48C03E00F35FE4 /* Frameworks */ = {
			isa = PBXFrameworksBuildPhase;
			buildActionMask = 2147483647;
			files = (
			);
			runOnlyForDeploymentPostprocessing = 0;
		};
		193AF8321E48C03E00F35FE4 /* Frameworks */ = {
			isa = PBXFrameworksBuildPhase;
			buildActionMask = 2147483647;
			files = (
			);
			runOnlyForDeploymentPostprocessing = 0;
		};
		198BD62B2033138900FEA818 /* Frameworks */ = {
			isa = PBXFrameworksBuildPhase;
			buildActionMask = 2147483647;
			files = (
			);
			runOnlyForDeploymentPostprocessing = 0;
		};
		198BD6352033138900FEA818 /* Frameworks */ = {
			isa = PBXFrameworksBuildPhase;
			buildActionMask = 2147483647;
			files = (
				198BD63B2033138900FEA818 /* IntentsUI.framework in Frameworks */,
			);
			runOnlyForDeploymentPostprocessing = 0;
		};
/* End PBXFrameworksBuildPhase section */

/* Begin PBXGroup section */
		193AF8081E48C03E00F35FE4 = {
			isa = PBXGroup;
			children = (
				193AF8131E48C03E00F35FE4 /* DiTing */,
				193AF82D1E48C03E00F35FE4 /* DiTingTests */,
				193AF8381E48C03E00F35FE4 /* DiTingUITests */,
				198BD62F2033138900FEA818 /* DITSiriExtension */,
				198BD63C2033138900FEA818 /* DITSiriExtensionUI */,
				198BD6392033138900FEA818 /* Frameworks */,
				193AF8121E48C03E00F35FE4 /* Products */,
				7C0FF03B299B3AEA00D71DA6 /* Recovered References */,
			);
			sourceTree = "<group>";
		};
		193AF8121E48C03E00F35FE4 /* Products */ = {
			isa = PBXGroup;
			children = (
				193AF8111E48C03E00F35FE4 /* DiTing.app */,
				193AF82A1E48C03E00F35FE4 /* DiTingTests.xctest */,
				193AF8351E48C03E00F35FE4 /* DiTingUITests.xctest */,
				198BD62E2033138900FEA818 /* DITSiriExtension.appex */,
				198BD6382033138900FEA818 /* DITSiriExtensionUI.appex */,
			);
			name = Products;
			sourceTree = "<group>";
		};
		193AF8131E48C03E00F35FE4 /* DiTing */ = {
			isa = PBXGroup;
			children = (
				7C0FF03C299B3C5200D71DA6 /* ModuleTool */,
				75AEBF98296092B400E30EFA /* ModuleMain */,
				75AEBF04296092B400E30EFA /* ModuleUI */,
				198BD6512034723E00FEA818 /* DiTing.entitlements */,
				193AF81D1E48C03E00F35FE4 /* Main.storyboard */,
				193AF8201E48C03E00F35FE4 /* Assets.xcassets */,
				193AF8221E48C03E00F35FE4 /* LaunchScreen.storyboard */,
				193AF8251E48C03E00F35FE4 /* Info.plist */,
				193AF8141E48C03E00F35FE4 /* Supporting Files */,
			);
			path = DiTing;
			sourceTree = "<group>";
		};
		193AF8141E48C03E00F35FE4 /* Supporting Files */ = {
			isa = PBXGroup;
			children = (
				19BDD03320C82D6900C9117D /* web */,
				19A2D7CA1F45EDD200341A7E /* PrefixHeader.pch */,
				193EA9F61E4E0E14008EF309 /* mainList.plist */,
				193AF8151E48C03E00F35FE4 /* main.m */,
			);
			name = "Supporting Files";
			sourceTree = "<group>";
		};
		193AF82D1E48C03E00F35FE4 /* DiTingTests */ = {
			isa = PBXGroup;
			children = (
				193AF82E1E48C03E00F35FE4 /* DiTingTests.m */,
				193AF8301E48C03E00F35FE4 /* Info.plist */,
			);
			path = DiTingTests;
			sourceTree = "<group>";
		};
		193AF8381E48C03E00F35FE4 /* DiTingUITests */ = {
			isa = PBXGroup;
			children = (
				193AF8391E48C03E00F35FE4 /* DiTingUITests.m */,
				193AF83B1E48C03E00F35FE4 /* Info.plist */,
			);
			path = DiTingUITests;
			sourceTree = "<group>";
		};
		198BD62F2033138900FEA818 /* DITSiriExtension */ = {
			isa = PBXGroup;
			children = (
				198BD6302033138900FEA818 /* IntentHandler.h */,
				198BD6312033138900FEA818 /* IntentHandler.m */,
				198BD6332033138900FEA818 /* Info.plist */,
			);
			path = DITSiriExtension;
			sourceTree = "<group>";
		};
		198BD6392033138900FEA818 /* Frameworks */ = {
			isa = PBXGroup;
			children = (
				198BD63A2033138900FEA818 /* IntentsUI.framework */,
			);
			name = Frameworks;
			sourceTree = "<group>";
		};
		198BD63C2033138900FEA818 /* DITSiriExtensionUI */ = {
			isa = PBXGroup;
			children = (
				198BD63D2033138900FEA818 /* IntentViewController.h */,
				198BD63E2033138900FEA818 /* IntentViewController.m */,
				198BD6402033138900FEA818 /* MainInterface.storyboard */,
				198BD6432033138900FEA818 /* Info.plist */,
			);
			path = DITSiriExtensionUI;
			sourceTree = "<group>";
		};
		75AEBF04296092B400E30EFA /* ModuleUI */ = {
			isa = PBXGroup;
			children = (
				75AEBF3D296092B400E30EFA /* WeChat */,
				75AEBF72296092B400E30EFA /* AppleComponent */,
				75AEBF94296092B400E30EFA /* Setting */,
			);
			path = ModuleUI;
			sourceTree = "<group>";
		};
		75AEBF3D296092B400E30EFA /* WeChat */ = {
			isa = PBXGroup;
			children = (
				75AEBF3E296092B400E30EFA /* Home */,
				75AEBF4A296092B400E30EFA /* Discover */,
				75AEBF55296092B400E30EFA /* Contacts */,
				75AEBF63296092B400E30EFA /* Profile */,
				75AEBF6B296092B400E30EFA /* Main */,
			);
			path = WeChat;
			sourceTree = "<group>";
		};
		75AEBF3E296092B400E30EFA /* Home */ = {
			isa = PBXGroup;
			children = (
				75AEBF3F296092B400E30EFA /* Controller */,
				75AEBF44296092B400E30EFA /* Model */,
				75AEBF47296092B400E30EFA /* View */,
			);
			path = Home;
			sourceTree = "<group>";
		};
		75AEBF3F296092B400E30EFA /* Controller */ = {
			isa = PBXGroup;
			children = (
			);
			path = Controller;
			sourceTree = "<group>";
		};
		75AEBF44296092B400E30EFA /* Model */ = {
			isa = PBXGroup;
			children = (
			);
			path = Model;
			sourceTree = "<group>";
		};
		75AEBF47296092B400E30EFA /* View */ = {
			isa = PBXGroup;
			children = (
			);
			path = View;
			sourceTree = "<group>";
		};
		75AEBF4A296092B400E30EFA /* Discover */ = {
			isa = PBXGroup;
			children = (
				75AEBF4C296092B400E30EFA /* Controller */,
				75AEBF4F296092B400E30EFA /* Model */,
				75AEBF52296092B400E30EFA /* View */,
			);
			path = Discover;
			sourceTree = "<group>";
		};
		75AEBF4C296092B400E30EFA /* Controller */ = {
			isa = PBXGroup;
			children = (
			);
			path = Controller;
			sourceTree = "<group>";
		};
		75AEBF4F296092B400E30EFA /* Model */ = {
			isa = PBXGroup;
			children = (
			);
			path = Model;
			sourceTree = "<group>";
		};
		75AEBF52296092B400E30EFA /* View */ = {
			isa = PBXGroup;
			children = (
			);
			path = View;
			sourceTree = "<group>";
		};
		75AEBF55296092B400E30EFA /* Contacts */ = {
			isa = PBXGroup;
			children = (
				75AEBF56296092B400E30EFA /* Controller */,
				75AEBF5D296092B400E30EFA /* Model */,
				75AEBF60296092B400E30EFA /* View */,
			);
			path = Contacts;
			sourceTree = "<group>";
		};
		75AEBF56296092B400E30EFA /* Controller */ = {
			isa = PBXGroup;
			children = (
			);
			path = Controller;
			sourceTree = "<group>";
		};
		75AEBF5D296092B400E30EFA /* Model */ = {
			isa = PBXGroup;
			children = (
			);
			path = Model;
			sourceTree = "<group>";
		};
		75AEBF60296092B400E30EFA /* View */ = {
			isa = PBXGroup;
			children = (
			);
			path = View;
			sourceTree = "<group>";
		};
		75AEBF63296092B400E30EFA /* Profile */ = {
			isa = PBXGroup;
			children = (
				75AEBF65296092B400E30EFA /* Controller */,
				75AEBF68296092B400E30EFA /* View */,
			);
			path = Profile;
			sourceTree = "<group>";
		};
		75AEBF65296092B400E30EFA /* Controller */ = {
			isa = PBXGroup;
			children = (
			);
			path = Controller;
			sourceTree = "<group>";
		};
		75AEBF68296092B400E30EFA /* View */ = {
			isa = PBXGroup;
			children = (
			);
			path = View;
			sourceTree = "<group>";
		};
		75AEBF6B296092B400E30EFA /* Main */ = {
			isa = PBXGroup;
			children = (
				75AEBF6C296092B400E30EFA /* Controller */,
				75AEBF6F296092B400E30EFA /* Model */,
			);
			path = Main;
			sourceTree = "<group>";
		};
		75AEBF6C296092B400E30EFA /* Controller */ = {
			isa = PBXGroup;
			children = (
			);
			path = Controller;
			sourceTree = "<group>";
		};
		75AEBF6F296092B400E30EFA /* Model */ = {
			isa = PBXGroup;
			children = (
			);
			path = Model;
			sourceTree = "<group>";
		};
		75AEBF72296092B400E30EFA /* AppleComponent */ = {
			isa = PBXGroup;
			children = (
				75AEBF74296092B400E30EFA /* runtime */,
				75AEBF85296092B400E30EFA /* NSURLSessionDataTask */,
				75AEBF8B296092B400E30EFA /* UIGestureRecognizer */,
			);
			path = AppleComponent;
			sourceTree = "<group>";
		};
		75AEBF74296092B400E30EFA /* runtime */ = {
			isa = PBXGroup;
			children = (
				75AEBF75296092B400E30EFA /* Category */,
				75AEBF7C296092B400E30EFA /* Other */,
				75AEBF81296092B400E30EFA /* Controller */,
			);
			path = runtime;
			sourceTree = "<group>";
		};
		75AEBF75296092B400E30EFA /* Category */ = {
			isa = PBXGroup;
			children = (
			);
			path = Category;
			sourceTree = "<group>";
		};
		75AEBF7C296092B400E30EFA /* Other */ = {
			isa = PBXGroup;
			children = (
			);
			path = Other;
			sourceTree = "<group>";
		};
		75AEBF81296092B400E30EFA /* Controller */ = {
			isa = PBXGroup;
			children = (
			);
			path = Controller;
			sourceTree = "<group>";
		};
		75AEBF85296092B400E30EFA /* NSURLSessionDataTask */ = {
			isa = PBXGroup;
			children = (
				75AEBF86296092B400E30EFA /* Controller */,
				75AEBF89296092B400E30EFA /* Model */,
				75AEBF8A296092B400E30EFA /* View */,
			);
			path = NSURLSessionDataTask;
			sourceTree = "<group>";
		};
		75AEBF86296092B400E30EFA /* Controller */ = {
			isa = PBXGroup;
			children = (
			);
			path = Controller;
			sourceTree = "<group>";
		};
		75AEBF89296092B400E30EFA /* Model */ = {
			isa = PBXGroup;
			children = (
			);
			path = Model;
			sourceTree = "<group>";
		};
		75AEBF8A296092B400E30EFA /* View */ = {
			isa = PBXGroup;
			children = (
			);
			path = View;
			sourceTree = "<group>";
		};
		75AEBF8B296092B400E30EFA /* UIGestureRecognizer */ = {
			isa = PBXGroup;
			children = (
				75AEBF8C296092B400E30EFA /* Controller */,
			);
			path = UIGestureRecognizer;
			sourceTree = "<group>";
		};
		75AEBF8C296092B400E30EFA /* Controller */ = {
			isa = PBXGroup;
			children = (
			);
			path = Controller;
			sourceTree = "<group>";
		};
		75AEBF94296092B400E30EFA /* Setting */ = {
			isa = PBXGroup;
			children = (
			);
			path = Setting;
			sourceTree = "<group>";
		};
		75AEBF98296092B400E30EFA /* ModuleMain */ = {
			isa = PBXGroup;
			children = (
				75AEBF99296092B400E30EFA /* Main */,
			);
			path = ModuleMain;
			sourceTree = "<group>";
		};
		75AEBF99296092B400E30EFA /* Main */ = {
			isa = PBXGroup;
			children = (
				75AEBF9A296092B400E30EFA /* Other */,
				75AEBF9F296092B400E30EFA /* Controller */,
				75AEBFA6296092B400E30EFA /* Lib */,
				75AEC0EB296092B400E30EFA /* Tool */,
			);
			path = Main;
			sourceTree = "<group>";
		};
		75AEBF9A296092B400E30EFA /* Other */ = {
			isa = PBXGroup;
			children = (
			);
			path = Other;
			sourceTree = "<group>";
		};
		75AEBF9F296092B400E30EFA /* Controller */ = {
			isa = PBXGroup;
			children = (
			);
			path = Controller;
			sourceTree = "<group>";
		};
		75AEBFA6296092B400E30EFA /* Lib */ = {
			isa = PBXGroup;
			children = (
				75AEBFA7296092B400E30EFA /* MJExtension */,
				75AEBFBD296092B400E30EFA /* Masonry */,
				75AEBFD9296092B400E30EFA /* CocoaHTTPServer */,
				75AEC00E296092B400E30EFA /* AFNetworking */,
				75AEC01F296092B400E30EFA /* SDWebImage */,
			);
			path = Lib;
			sourceTree = "<group>";
		};
		75AEBFA7296092B400E30EFA /* MJExtension */ = {
			isa = PBXGroup;
			children = (
			);
			path = MJExtension;
			sourceTree = "<group>";
		};
		75AEBFBD296092B400E30EFA /* Masonry */ = {
			isa = PBXGroup;
			children = (
			);
			path = Masonry;
			sourceTree = "<group>";
		};
		75AEBFD9296092B400E30EFA /* CocoaHTTPServer */ = {
			isa = PBXGroup;
			children = (
				75AEBFDA296092B400E30EFA /* TCP */,
				75AEBFDD296092B400E30EFA /* HTTP */,
				75AEBFFE296092B400E30EFA /* Logging */,
			);
			path = CocoaHTTPServer;
			sourceTree = "<group>";
		};
		75AEBFDA296092B400E30EFA /* TCP */ = {
			isa = PBXGroup;
			children = (
			);
			path = TCP;
			sourceTree = "<group>";
		};
		75AEBFDD296092B400E30EFA /* HTTP */ = {
			isa = PBXGroup;
			children = (
				75AEBFE3296092B400E30EFA /* Responses */,
				75AEBFF6296092B400E30EFA /* Categories */,
			);
			path = HTTP;
			sourceTree = "<group>";
		};
		75AEBFE3296092B400E30EFA /* Responses */ = {
			isa = PBXGroup;
			children = (
			);
			path = Responses;
			sourceTree = "<group>";
		};
		75AEBFF6296092B400E30EFA /* Categories */ = {
			isa = PBXGroup;
			children = (
			);
			path = Categories;
			sourceTree = "<group>";
		};
		75AEBFFE296092B400E30EFA /* Logging */ = {
			isa = PBXGroup;
			children = (
				75AEC004296092B400E30EFA /* Extensions */,
			);
			path = Logging;
			sourceTree = "<group>";
		};
		75AEC004296092B400E30EFA /* Extensions */ = {
			isa = PBXGroup;
			children = (
			);
			path = Extensions;
			sourceTree = "<group>";
		};
		75AEC00E296092B400E30EFA /* AFNetworking */ = {
			isa = PBXGroup;
			children = (
			);
			path = AFNetworking;
			sourceTree = "<group>";
		};
		75AEC01F296092B400E30EFA /* SDWebImage */ = {
			isa = PBXGroup;
			children = (
				75AEC020296092B400E30EFA /* Core */,
				75AEC093296092B400E30EFA /* include */,
				75AEC0CF296092B400E30EFA /* Private */,
			);
			path = SDWebImage;
			sourceTree = "<group>";
		};
		75AEC020296092B400E30EFA /* Core */ = {
			isa = PBXGroup;
			children = (
			);
			path = Core;
			sourceTree = "<group>";
		};
		75AEC093296092B400E30EFA /* include */ = {
			isa = PBXGroup;
			children = (
				75AEC094296092B400E30EFA /* SDWebImage */,
			);
			path = include;
			sourceTree = "<group>";
		};
		75AEC094296092B400E30EFA /* SDWebImage */ = {
			isa = PBXGroup;
			children = (
			);
			path = SDWebImage;
			sourceTree = "<group>";
		};
		75AEC0CF296092B400E30EFA /* Private */ = {
			isa = PBXGroup;
			children = (
			);
			path = Private;
			sourceTree = "<group>";
		};
		75AEC0EB296092B400E30EFA /* Tool */ = {
			isa = PBXGroup;
			children = (
			);
			path = Tool;
			sourceTree = "<group>";
		};
		7C0FF03B299B3AEA00D71DA6 /* Recovered References */ = {
			isa = PBXGroup;
			children = (
				19F1233C24A63D66001FA660 /* SDImageLoader.m */,
				19F1235E24A63D66001FA660 /* SDImageGIFCoder.m */,
				7C8D2A562927198400E77958 /* DITSettingViewController.swift */,
				19F7698F1F5C48D90050775C /* View+MASAdditions.m */,
				19F123CC24A63D66001FA660 /* SDImageCachesManagerOperation.m */,
				19F1234A24A63D66001FA660 /* SDWebImageError.m */,
				19F1236724A63D66001FA660 /* SDImageTransformer.m */,
				19F769A51F5C48EA0050775C /* AFSecurityPolicy.m */,
				19F1233824A63D66001FA660 /* UIImage+Transform.m */,
				19C18A93206891B20014BEF4 /* DITCompSlideSelViewController.m */,
				19F1233324A63D66001FA660 /* SDAnimatedImageView.m */,
				19BDD06E20D25A9A00C9117D /* UITextView+DITPlaceholder.m */,
				19C18A96206891B20014BEF4 /* DITCompSideSelModel.m */,
				19F123DB24A63D66001FA660 /* NSBezierPath+SDRoundedCorners.m */,
				19E1515F20A29FB9001D6E60 /* DITUIGestureRecognizerViewController.m */,
				19F1233E24A63D66001FA660 /* SDWebImageIndicator.m */,
				19F1234424A63D66001FA660 /* UIImage+MultiFormat.m */,
				19F1234124A63D66001FA660 /* SDImageCodersManager.m */,
				19F1233224A63D66001FA660 /* SDAnimatedImage.m */,
				19F769921F5C48D90050775C /* ViewController+MASAdditions.m */,
				19F769861F5C48D90050775C /* MASViewAttribute.m */,
				19F1237C24A63D66001FA660 /* UIView+WebCacheOperation.m */,
				19F1235B24A63D66001FA660 /* SDWebImageDownloaderConfig.m */,
				19F1234C24A63D66001FA660 /* SDImageCoderHelper.m */,
				19F7697B1F5C48D90050775C /* MASCompositeConstraint.m */,
				19F1233724A63D66001FA660 /* SDAnimatedImagePlayer.m */,
				19F123CA24A63D66001FA660 /* UIColor+SDHexString.m */,
				19F1235124A63D66001FA660 /* NSButton+WebCache.m */,
				19E1516520A29FCB001D6E60 /* NSURLSessionDataTaskViewController.m */,
				19F1231B24A63D66001FA660 /* NSImage+Compatibility.m */,
				19F769AB1F5C48EA0050775C /* AFURLSessionManager.m */,
				19F1238724A63D66001FA660 /* SDWebImageDownloaderRequestModifier.m */,
				19F1235D24A63D66001FA660 /* SDImageCache.m */,
				19F1234824A63D66001FA660 /* SDImageAPNGCoder.m */,
				19F769801F5C48D90050775C /* MASConstraintMaker.m */,
				19F1234924A63D66001FA660 /* SDWebImageDownloaderResponseModifier.m */,
				19F1234024A63D66001FA660 /* UIImage+GIF.m */,
				19F1236324A63D66001FA660 /* SDImageLoadersManager.m */,
				19F1232B24A63D66001FA660 /* SDImageIOAnimatedCoder.m */,
				19F1237124A63D66001FA660 /* SDImageCacheDefine.m */,
				19C18AA7206899AD0014BEF4 /* DITRecordView.m */,
				19F1236524A63D66001FA660 /* SDWebImageTransition.m */,
				19F1237724A63D66001FA660 /* SDWebImageCacheKeyFilter.m */,
				19C18AA4206898A10014BEF4 /* DITRecordViewController.m */,
				19F769A01F5C48EA0050775C /* AFHTTPSessionManager.m */,
				19F1233424A63D66001FA660 /* UIImage+ForceDecode.m */,
				19F1237B24A63D66001FA660 /* SDWebImageOptionsProcessor.m */,
				19F1237324A63D66001FA660 /* UIImage+MemoryCacheCost.m */,
				19F1235924A63D66001FA660 /* UIImage+ExtendedCacheData.m */,
				19F1233D24A63D66001FA660 /* SDWebImageCacheSerializer.m */,
				19F1236924A63D66001FA660 /* UIImageView+WebCache.m */,
				19F1231924A63D66001FA660 /* SDImageHEICCoder.m */,
				19F769A91F5C48EA0050775C /* AFURLResponseSerialization.m */,
				19F1233A24A63D66001FA660 /* SDWebImageDownloader.m */,
				19F7697E1F5C48D90050775C /* MASConstraint.m */,
				19F1235724A63D66001FA660 /* SDAnimatedImageRep.m */,
				19F1232224A63D66001FA660 /* SDWebImageOperation.m */,
				19F1237924A63D66001FA660 /* SDWebImageDefine.m */,
				19F769A71F5C48EA0050775C /* AFURLRequestSerialization.m */,
				19F1232924A63D66001FA660 /* SDWebImageManager.m */,
				19C18A99206891B20014BEF4 /* DITCompSlideSelTableViewCell.m */,
				19F1232524A63D66001FA660 /* SDWebImageDownloaderDecryptor.m */,
				19F123D624A63D66001FA660 /* SDDeviceHelper.m */,
				19E1516020A29FB9001D6E60 /* DITUIGestureRecognizerExamplesViewController.m */,
				19BDD06F20D25A9A00C9117D /* UIImage+DITImage.m */,
				19BDD06A20D25A9A00C9117D /* DITRuntimeViewController.m */,
				19F1234524A63D66001FA660 /* SDMemoryCache.m */,
				19BDD07920D2761600C9117D /* DITSubModel.m */,
				19C18A90206891B20014BEF4 /* DITLoopScrollView.m */,
				19F7698D1F5C48D90050775C /* NSLayoutConstraint+MASDebugAdditions.m */,
				19F1232D24A63D66001FA660 /* UIImageView+HighlightedWebCache.m */,
				19F123D924A63D66001FA660 /* SDFileAttributeHelper.m */,
				19F1236824A63D66001FA660 /* NSData+ImageContentType.m */,
				19F1236C24A63D66001FA660 /* SDImageGraphics.m */,
				19F1236424A63D66001FA660 /* SDImageCachesManager.m */,
				19F123CF24A63D66001FA660 /* SDImageAssetManager.m */,
				19F1236024A63D66001FA660 /* SDImageFrame.m */,
				19F1234B24A63D66001FA660 /* SDWebImagePrefetcher.m */,
				19F769821F5C48D90050775C /* MASLayoutConstraint.m */,
				19F1234724A63D66001FA660 /* SDWebImageCompat.m */,
				19F123E024A63D66001FA660 /* SDAssociatedObject.m */,
				19F1238624A63D66001FA660 /* UIButton+WebCache.m */,
				19F1238424A63D66001FA660 /* UIImage+Metadata.m */,
				19F7698A1F5C48D90050775C /* NSArray+MASAdditions.m */,
				19F1231F24A63D66001FA660 /* SDImageCoder.m */,
				19F123D824A63D66001FA660 /* SDInternalMacros.m */,
				19BDD06D20D25A9A00C9117D /* NSObject+DITKeyValues.m */,
				19F1237D24A63D66001FA660 /* UIView+WebCache.m */,
				19F123DD24A63D66001FA660 /* SDDisplayLink.m */,
			);
			name = "Recovered References";
			sourceTree = "<group>";
		};
		7C0FF03C299B3C5200D71DA6 /* ModuleTool */ = {
			isa = PBXGroup;
			children = (
				7C0FF03D299B3C5200D71DA6 /* ToolCommonDefine.h */,
				7C0FF03E299B3C5200D71DA6 /* ToolCommonDefine.m */,
			);
			path = ModuleTool;
			sourceTree = "<group>";
		};
/* End PBXGroup section */

/* Begin PBXNativeTarget section */
		193AF8101E48C03E00F35FE4 /* DiTing */ = {
			isa = PBXNativeTarget;
			buildConfigurationList = 193AF83E1E48C03E00F35FE4 /* Build configuration list for PBXNativeTarget "DiTing" */;
			buildPhases = (
				193AF80D1E48C03E00F35FE4 /* Sources */,
				193AF80E1E48C03E00F35FE4 /* Frameworks */,
				193AF80F1E48C03E00F35FE4 /* Resources */,
				198BD6502033138900FEA818 /* Embed App Extensions */,
			);
			buildRules = (
			);
			dependencies = (
				198BD6452033138900FEA818 /* PBXTargetDependency */,
				198BD6482033138900FEA818 /* PBXTargetDependency */,
			);
			name = DiTing;
			productName = DiTing;
			productReference = 193AF8111E48C03E00F35FE4 /* DiTing.app */;
			productType = "com.apple.product-type.application";
		};
		193AF8291E48C03E00F35FE4 /* DiTingTests */ = {
			isa = PBXNativeTarget;
			buildConfigurationList = 193AF8411E48C03E00F35FE4 /* Build configuration list for PBXNativeTarget "DiTingTests" */;
			buildPhases = (
				193AF8261E48C03E00F35FE4 /* Sources */,
				193AF8271E48C03E00F35FE4 /* Frameworks */,
				193AF8281E48C03E00F35FE4 /* Resources */,
			);
			buildRules = (
			);
			dependencies = (
				193AF82C1E48C03E00F35FE4 /* PBXTargetDependency */,
			);
			name = DiTingTests;
			productName = DiTingTests;
			productReference = 193AF82A1E48C03E00F35FE4 /* DiTingTests.xctest */;
			productType = "com.apple.product-type.bundle.unit-test";
		};
		193AF8341E48C03E00F35FE4 /* DiTingUITests */ = {
			isa = PBXNativeTarget;
			buildConfigurationList = 193AF8441E48C03E00F35FE4 /* Build configuration list for PBXNativeTarget "DiTingUITests" */;
			buildPhases = (
				193AF8311E48C03E00F35FE4 /* Sources */,
				193AF8321E48C03E00F35FE4 /* Frameworks */,
				193AF8331E48C03E00F35FE4 /* Resources */,
			);
			buildRules = (
			);
			dependencies = (
				193AF8371E48C03E00F35FE4 /* PBXTargetDependency */,
			);
			name = DiTingUITests;
			productName = DiTingUITests;
			productReference = 193AF8351E48C03E00F35FE4 /* DiTingUITests.xctest */;
			productType = "com.apple.product-type.bundle.ui-testing";
		};
		198BD62D2033138900FEA818 /* DITSiriExtension */ = {
			isa = PBXNativeTarget;
			buildConfigurationList = 198BD64D2033138900FEA818 /* Build configuration list for PBXNativeTarget "DITSiriExtension" */;
			buildPhases = (
				198BD62A2033138900FEA818 /* Sources */,
				198BD62B2033138900FEA818 /* Frameworks */,
				198BD62C2033138900FEA818 /* Resources */,
			);
			buildRules = (
			);
			dependencies = (
			);
			name = DITSiriExtension;
			productName = DITSiriExtension;
			productReference = 198BD62E2033138900FEA818 /* DITSiriExtension.appex */;
			productType = "com.apple.product-type.app-extension";
		};
		198BD6372033138900FEA818 /* DITSiriExtensionUI */ = {
			isa = PBXNativeTarget;
			buildConfigurationList = 198BD64A2033138900FEA818 /* Build configuration list for PBXNativeTarget "DITSiriExtensionUI" */;
			buildPhases = (
				198BD6342033138900FEA818 /* Sources */,
				198BD6352033138900FEA818 /* Frameworks */,
				198BD6362033138900FEA818 /* Resources */,
			);
			buildRules = (
			);
			dependencies = (
			);
			name = DITSiriExtensionUI;
			productName = DITSiriExtensionUI;
			productReference = 198BD6382033138900FEA818 /* DITSiriExtensionUI.appex */;
			productType = "com.apple.product-type.app-extension";
		};
/* End PBXNativeTarget section */

/* Begin PBXProject section */
		193AF8091E48C03E00F35FE4 /* Project object */ = {
			isa = PBXProject;
			attributes = {
				CLASSPREFIX = DIT;
				LastSwiftUpdateCheck = 0910;
				LastUpgradeCheck = 0820;
				ORGANIZATIONNAME = zyn;
				TargetAttributes = {
					193AF8101E48C03E00F35FE4 = {
						CreatedOnToolsVersion = 8.2.1;
						DevelopmentTeam = UA62U3JARN;
						LastSwiftMigration = 1100;
						ProvisioningStyle = Automatic;
						SystemCapabilities = {
							com.apple.Siri = {
								enabled = 1;
							};
						};
					};
					193AF8291E48C03E00F35FE4 = {
						CreatedOnToolsVersion = 8.2.1;
						DevelopmentTeam = UA62U3JARN;
						ProvisioningStyle = Automatic;
						TestTargetID = 193AF8101E48C03E00F35FE4;
					};
					193AF8341E48C03E00F35FE4 = {
						CreatedOnToolsVersion = 8.2.1;
						DevelopmentTeam = UA62U3JARN;
						ProvisioningStyle = Automatic;
						TestTargetID = 193AF8101E48C03E00F35FE4;
					};
					198BD62D2033138900FEA818 = {
						CreatedOnToolsVersion = 9.1;
						DevelopmentTeam = FX625MT89Z;
						ProvisioningStyle = Automatic;
					};
					198BD6372033138900FEA818 = {
						CreatedOnToolsVersion = 9.1;
						DevelopmentTeam = FX625MT89Z;
						ProvisioningStyle = Automatic;
					};
				};
			};
			buildConfigurationList = 193AF80C1E48C03E00F35FE4 /* Build configuration list for PBXProject "DiTing" */;
			compatibilityVersion = "Xcode 3.2";
			developmentRegion = English;
			hasScannedForEncodings = 0;
			knownRegions = (
				English,
				en,
				Base,
			);
			mainGroup = 193AF8081E48C03E00F35FE4;
			productRefGroup = 193AF8121E48C03E00F35FE4 /* Products */;
			projectDirPath = "";
			projectRoot = "";
			targets = (
				193AF8101E48C03E00F35FE4 /* DiTing */,
				193AF8291E48C03E00F35FE4 /* DiTingTests */,
				193AF8341E48C03E00F35FE4 /* DiTingUITests */,
				198BD62D2033138900FEA818 /* DITSiriExtension */,
				198BD6372033138900FEA818 /* DITSiriExtensionUI */,
			);
		};
/* End PBXProject section */

/* Begin PBXResourcesBuildPhase section */
		193AF80F1E48C03E00F35FE4 /* Resources */ = {
			isa = PBXResourcesBuildPhase;
			buildActionMask = 2147483647;
			files = (
				19BDD03420C82D6900C9117D /* web in Resources */,
				193AF8241E48C03E00F35FE4 /* LaunchScreen.storyboard in Resources */,
				193EA9F71E4E0E14008EF309 /* mainList.plist in Resources */,
				193AF8211E48C03E00F35FE4 /* Assets.xcassets in Resources */,
				193AF81F1E48C03E00F35FE4 /* Main.storyboard in Resources */,
			);
			runOnlyForDeploymentPostprocessing = 0;
		};
		193AF8281E48C03E00F35FE4 /* Resources */ = {
			isa = PBXResourcesBuildPhase;
			buildActionMask = 2147483647;
			files = (
			);
			runOnlyForDeploymentPostprocessing = 0;
		};
		193AF8331E48C03E00F35FE4 /* Resources */ = {
			isa = PBXResourcesBuildPhase;
			buildActionMask = 2147483647;
			files = (
			);
			runOnlyForDeploymentPostprocessing = 0;
		};
		198BD62C2033138900FEA818 /* Resources */ = {
			isa = PBXResourcesBuildPhase;
			buildActionMask = 2147483647;
			files = (
			);
			runOnlyForDeploymentPostprocessing = 0;
		};
		198BD6362033138900FEA818 /* Resources */ = {
			isa = PBXResourcesBuildPhase;
			buildActionMask = 2147483647;
			files = (
				198BD6422033138900FEA818 /* MainInterface.storyboard in Resources */,
			);
			runOnlyForDeploymentPostprocessing = 0;
		};
/* End PBXResourcesBuildPhase section */

/* Begin PBXSourcesBuildPhase section */
		193AF80D1E48C03E00F35FE4 /* Sources */ = {
			isa = PBXSourcesBuildPhase;
			buildActionMask = 2147483647;
			files = (
				19F123F024A63D66001FA660 /* SDImageLoader.m in Sources */,
				19F1240524A63D67001FA660 /* SDImageGIFCoder.m in Sources */,
				7C8D2A582927198400E77958 /* DITSettingViewController.swift in Sources */,
				19F7699C1F5C48D90050775C /* View+MASAdditions.m in Sources */,
				19F1241B24A63D67001FA660 /* SDImageCachesManagerOperation.m in Sources */,
				19F123FB24A63D67001FA660 /* SDWebImageError.m in Sources */,
				19F1240B24A63D67001FA660 /* SDImageTransformer.m in Sources */,
				19F769AE1F5C48EA0050775C /* AFSecurityPolicy.m in Sources */,
				19F123EE24A63D66001FA660 /* UIImage+Transform.m in Sources */,
				19C18A9D206891B20014BEF4 /* DITCompSlideSelViewController.m in Sources */,
				19F123EB24A63D66001FA660 /* SDAnimatedImageView.m in Sources */,
				19BDD07520D25A9A00C9117D /* UITextView+DITPlaceholder.m in Sources */,
				19C18A9E206891B20014BEF4 /* DITCompSideSelModel.m in Sources */,
				19F1242124A63D67001FA660 /* NSBezierPath+SDRoundedCorners.m in Sources */,
				19E1516220A29FB9001D6E60 /* DITUIGestureRecognizerViewController.m in Sources */,
				19F123F224A63D66001FA660 /* SDWebImageIndicator.m in Sources */,
				19F123F624A63D67001FA660 /* UIImage+MultiFormat.m in Sources */,
				19F123F524A63D67001FA660 /* SDImageCodersManager.m in Sources */,
				19F123EA24A63D66001FA660 /* SDAnimatedImage.m in Sources */,
				19F7699D1F5C48D90050775C /* ViewController+MASAdditions.m in Sources */,
				19F769981F5C48D90050775C /* MASViewAttribute.m in Sources */,
				19F1241524A63D67001FA660 /* UIView+WebCacheOperation.m in Sources */,
				19F1240324A63D67001FA660 /* SDWebImageDownloaderConfig.m in Sources */,
				19F123FD24A63D67001FA660 /* SDImageCoderHelper.m in Sources */,
				19F769941F5C48D90050775C /* MASCompositeConstraint.m in Sources */,
				19F123ED24A63D66001FA660 /* SDAnimatedImagePlayer.m in Sources */,
				19F1241A24A63D67001FA660 /* UIColor+SDHexString.m in Sources */,
				19F123FE24A63D67001FA660 /* NSButton+WebCache.m in Sources */,
				19E1516620A29FCB001D6E60 /* NSURLSessionDataTaskViewController.m in Sources */,
				19F123E224A63D66001FA660 /* NSImage+Compatibility.m in Sources */,
				19F769B11F5C48EA0050775C /* AFURLSessionManager.m in Sources */,
				19F1241924A63D67001FA660 /* SDWebImageDownloaderRequestModifier.m in Sources */,
				19F1240424A63D67001FA660 /* SDImageCache.m in Sources */,
				19F123F924A63D67001FA660 /* SDImageAPNGCoder.m in Sources */,
				19F769961F5C48D90050775C /* MASConstraintMaker.m in Sources */,
				19F123FA24A63D67001FA660 /* SDWebImageDownloaderResponseModifier.m in Sources */,
				19F123F424A63D67001FA660 /* UIImage+GIF.m in Sources */,
				19F1240824A63D67001FA660 /* SDImageLoadersManager.m in Sources */,
				19F123E824A63D66001FA660 /* SDImageIOAnimatedCoder.m in Sources */,
				19F1240F24A63D67001FA660 /* SDImageCacheDefine.m in Sources */,
				19C18AA8206899AD0014BEF4 /* DITRecordView.m in Sources */,
				19F1240A24A63D67001FA660 /* SDWebImageTransition.m in Sources */,
				19F1241224A63D67001FA660 /* SDWebImageCacheKeyFilter.m in Sources */,
				19C18AA5206898A10014BEF4 /* DITRecordViewController.m in Sources */,
				19F769AC1F5C48EA0050775C /* AFHTTPSessionManager.m in Sources */,
				19F123EC24A63D66001FA660 /* UIImage+ForceDecode.m in Sources */,
				19F1241424A63D67001FA660 /* SDWebImageOptionsProcessor.m in Sources */,
				19F1241024A63D67001FA660 /* UIImage+MemoryCacheCost.m in Sources */,
				19F1240224A63D67001FA660 /* UIImage+ExtendedCacheData.m in Sources */,
				19F123F124A63D66001FA660 /* SDWebImageCacheSerializer.m in Sources */,
				19F1240D24A63D67001FA660 /* UIImageView+WebCache.m in Sources */,
				19F123E124A63D66001FA660 /* SDImageHEICCoder.m in Sources */,
				19F769B01F5C48EA0050775C /* AFURLResponseSerialization.m in Sources */,
				19F123EF24A63D66001FA660 /* SDWebImageDownloader.m in Sources */,
				19F769951F5C48D90050775C /* MASConstraint.m in Sources */,
				19F1240124A63D67001FA660 /* SDAnimatedImageRep.m in Sources */,
				19F123E524A63D66001FA660 /* SDWebImageOperation.m in Sources */,
				19F1241324A63D67001FA660 /* SDWebImageDefine.m in Sources */,
				19F769AF1F5C48EA0050775C /* AFURLRequestSerialization.m in Sources */,
				19F123E724A63D66001FA660 /* SDWebImageManager.m in Sources */,
				19C18A9F206891B20014BEF4 /* DITCompSlideSelTableViewCell.m in Sources */,
				19F123E624A63D66001FA660 /* SDWebImageDownloaderDecryptor.m in Sources */,
				19F1241D24A63D67001FA660 /* SDDeviceHelper.m in Sources */,
				19E1516320A29FB9001D6E60 /* DITUIGestureRecognizerExamplesViewController.m in Sources */,
				19BDD07620D25A9A00C9117D /* UIImage+DITImage.m in Sources */,
				19BDD07320D25A9A00C9117D /* DITRuntimeViewController.m in Sources */,
				7C0FF03F299B3C5200D71DA6 /* ToolCommonDefine.m in Sources */,
				19F123F724A63D67001FA660 /* SDMemoryCache.m in Sources */,
				19BDD07A20D2761600C9117D /* DITSubModel.m in Sources */,
				19C18A9C206891B20014BEF4 /* DITLoopScrollView.m in Sources */,
				19F7699B1F5C48D90050775C /* NSLayoutConstraint+MASDebugAdditions.m in Sources */,
				19F123E924A63D66001FA660 /* UIImageView+HighlightedWebCache.m in Sources */,
				19F1242024A63D67001FA660 /* SDFileAttributeHelper.m in Sources */,
				19F1240C24A63D67001FA660 /* NSData+ImageContentType.m in Sources */,
				19F1240E24A63D67001FA660 /* SDImageGraphics.m in Sources */,
				19F1240924A63D67001FA660 /* SDImageCachesManager.m in Sources */,
				19F1241C24A63D67001FA660 /* SDImageAssetManager.m in Sources */,
				19F1240624A63D67001FA660 /* SDImageFrame.m in Sources */,
				19F123FC24A63D67001FA660 /* SDWebImagePrefetcher.m in Sources */,
				19F769971F5C48D90050775C /* MASLayoutConstraint.m in Sources */,
				19F123F824A63D67001FA660 /* SDWebImageCompat.m in Sources */,
				19F1242424A63D67001FA660 /* SDAssociatedObject.m in Sources */,
				19F1241824A63D67001FA660 /* UIButton+WebCache.m in Sources */,
				19F1241724A63D67001FA660 /* UIImage+Metadata.m in Sources */,
				19F7699A1F5C48D90050775C /* NSArray+MASAdditions.m in Sources */,
				19F123E424A63D66001FA660 /* SDImageCoder.m in Sources */,
				19F1241F24A63D67001FA660 /* SDInternalMacros.m in Sources */,
				19BDD07420D25A9A00C9117D /* NSObject+DITKeyValues.m in Sources */,
				19F1241624A63D67001FA660 /* UIView+WebCache.m in Sources */,
				19F1242224A63D67001FA660 /* SDDisplayLink.m in Sources */,
				193AF8161E48C03E00F35FE4 /* main.m in Sources */,
			);
			runOnlyForDeploymentPostprocessing = 0;
		};
		193AF8261E48C03E00F35FE4 /* Sources */ = {
			isa = PBXSourcesBuildPhase;
			buildActionMask = 2147483647;
			files = (
				193AF82F1E48C03E00F35FE4 /* DiTingTests.m in Sources */,
			);
			runOnlyForDeploymentPostprocessing = 0;
		};
		193AF8311E48C03E00F35FE4 /* Sources */ = {
			isa = PBXSourcesBuildPhase;
			buildActionMask = 2147483647;
			files = (
				193AF83A1E48C03E00F35FE4 /* DiTingUITests.m in Sources */,
			);
			runOnlyForDeploymentPostprocessing = 0;
		};
		198BD62A2033138900FEA818 /* Sources */ = {
			isa = PBXSourcesBuildPhase;
			buildActionMask = 2147483647;
			files = (
				198BD6322033138900FEA818 /* IntentHandler.m in Sources */,
			);
			runOnlyForDeploymentPostprocessing = 0;
		};
		198BD6342033138900FEA818 /* Sources */ = {
			isa = PBXSourcesBuildPhase;
			buildActionMask = 2147483647;
			files = (
				198BD63F2033138900FEA818 /* IntentViewController.m in Sources */,
			);
			runOnlyForDeploymentPostprocessing = 0;
		};
/* End PBXSourcesBuildPhase section */

/* Begin PBXTargetDependency section */
		193AF82C1E48C03E00F35FE4 /* PBXTargetDependency */ = {
			isa = PBXTargetDependency;
			target = 193AF8101E48C03E00F35FE4 /* DiTing */;
			targetProxy = 193AF82B1E48C03E00F35FE4 /* PBXContainerItemProxy */;
		};
		193AF8371E48C03E00F35FE4 /* PBXTargetDependency */ = {
			isa = PBXTargetDependency;
			target = 193AF8101E48C03E00F35FE4 /* DiTing */;
			targetProxy = 193AF8361E48C03E00F35FE4 /* PBXContainerItemProxy */;
		};
		198BD6452033138900FEA818 /* PBXTargetDependency */ = {
			isa = PBXTargetDependency;
			target = 198BD6372033138900FEA818 /* DITSiriExtensionUI */;
			targetProxy = 198BD6442033138900FEA818 /* PBXContainerItemProxy */;
		};
		198BD6482033138900FEA818 /* PBXTargetDependency */ = {
			isa = PBXTargetDependency;
			target = 198BD62D2033138900FEA818 /* DITSiriExtension */;
			targetProxy = 198BD6472033138900FEA818 /* PBXContainerItemProxy */;
		};
/* End PBXTargetDependency section */

/* Begin PBXVariantGroup section */
		193AF81D1E48C03E00F35FE4 /* Main.storyboard */ = {
			isa = PBXVariantGroup;
			children = (
				193AF81E1E48C03E00F35FE4 /* Base */,
			);
			name = Main.storyboard;
			sourceTree = "<group>";
		};
		193AF8221E48C03E00F35FE4 /* LaunchScreen.storyboard */ = {
			isa = PBXVariantGroup;
			children = (
				193AF8231E48C03E00F35FE4 /* Base */,
			);
			name = LaunchScreen.storyboard;
			sourceTree = "<group>";
		};
		198BD6402033138900FEA818 /* MainInterface.storyboard */ = {
			isa = PBXVariantGroup;
			children = (
				198BD6412033138900FEA818 /* Base */,
			);
			name = MainInterface.storyboard;
			sourceTree = "<group>";
		};
/* End PBXVariantGroup section */

/* Begin XCBuildConfiguration section */
		193AF83C1E48C03E00F35FE4 /* Debug */ = {
			isa = XCBuildConfiguration;
			buildSettings = {
				ALWAYS_SEARCH_USER_PATHS = NO;
				CLANG_ANALYZER_NONNULL = YES;
				CLANG_CXX_LANGUAGE_STANDARD = "gnu++0x";
				CLANG_CXX_LIBRARY = "libc++";
				CLANG_ENABLE_MODULES = YES;
				CLANG_ENABLE_OBJC_ARC = YES;
				CLANG_WARN_BOOL_CONVERSION = YES;
				CLANG_WARN_CONSTANT_CONVERSION = YES;
				CLANG_WARN_DIRECT_OBJC_ISA_USAGE = YES_ERROR;
				CLANG_WARN_DOCUMENTATION_COMMENTS = YES;
				CLANG_WARN_EMPTY_BODY = YES;
				CLANG_WARN_ENUM_CONVERSION = YES;
				CLANG_WARN_INFINITE_RECURSION = YES;
				CLANG_WARN_INT_CONVERSION = YES;
				CLANG_WARN_OBJC_ROOT_CLASS = YES_ERROR;
				CLANG_WARN_SUSPICIOUS_MOVE = YES;
				CLANG_WARN_UNREACHABLE_CODE = YES;
				CLANG_WARN__DUPLICATE_METHOD_MATCH = YES;
				"CODE_SIGN_IDENTITY[sdk=iphoneos*]" = "iPhone Developer";
				COPY_PHASE_STRIP = NO;
				DEBUG_INFORMATION_FORMAT = dwarf;
				ENABLE_STRICT_OBJC_MSGSEND = YES;
				ENABLE_TESTABILITY = YES;
				GCC_C_LANGUAGE_STANDARD = gnu99;
				GCC_DYNAMIC_NO_PIC = NO;
				GCC_NO_COMMON_BLOCKS = YES;
				GCC_OPTIMIZATION_LEVEL = 0;
				GCC_PREPROCESSOR_DEFINITIONS = (
					"DEBUG=1",
					"$(inherited)",
				);
				GCC_WARN_64_TO_32_BIT_CONVERSION = YES;
				GCC_WARN_ABOUT_RETURN_TYPE = YES_ERROR;
				GCC_WARN_UNDECLARED_SELECTOR = YES;
				GCC_WARN_UNINITIALIZED_AUTOS = YES_AGGRESSIVE;
				GCC_WARN_UNUSED_FUNCTION = YES;
				GCC_WARN_UNUSED_VARIABLE = YES;
				IPHONEOS_DEPLOYMENT_TARGET = 10.2;
				MTL_ENABLE_DEBUG_INFO = YES;
				ONLY_ACTIVE_ARCH = YES;
				SDKROOT = iphoneos;
				TARGETED_DEVICE_FAMILY = "1,2";
			};
			name = Debug;
		};
		193AF83D1E48C03E00F35FE4 /* Release */ = {
			isa = XCBuildConfiguration;
			buildSettings = {
				ALWAYS_SEARCH_USER_PATHS = NO;
				CLANG_ANALYZER_NONNULL = YES;
				CLANG_CXX_LANGUAGE_STANDARD = "gnu++0x";
				CLANG_CXX_LIBRARY = "libc++";
				CLANG_ENABLE_MODULES = YES;
				CLANG_ENABLE_OBJC_ARC = YES;
				CLANG_WARN_BOOL_CONVERSION = YES;
				CLANG_WARN_CONSTANT_CONVERSION = YES;
				CLANG_WARN_DIRECT_OBJC_ISA_USAGE = YES_ERROR;
				CLANG_WARN_DOCUMENTATION_COMMENTS = YES;
				CLANG_WARN_EMPTY_BODY = YES;
				CLANG_WARN_ENUM_CONVERSION = YES;
				CLANG_WARN_INFINITE_RECURSION = YES;
				CLANG_WARN_INT_CONVERSION = YES;
				CLANG_WARN_OBJC_ROOT_CLASS = YES_ERROR;
				CLANG_WARN_SUSPICIOUS_MOVE = YES;
				CLANG_WARN_UNREACHABLE_CODE = YES;
				CLANG_WARN__DUPLICATE_METHOD_MATCH = YES;
				"CODE_SIGN_IDENTITY[sdk=iphoneos*]" = "iPhone Developer";
				COPY_PHASE_STRIP = NO;
				DEBUG_INFORMATION_FORMAT = "dwarf-with-dsym";
				ENABLE_NS_ASSERTIONS = NO;
				ENABLE_STRICT_OBJC_MSGSEND = YES;
				GCC_C_LANGUAGE_STANDARD = gnu99;
				GCC_NO_COMMON_BLOCKS = YES;
				GCC_WARN_64_TO_32_BIT_CONVERSION = YES;
				GCC_WARN_ABOUT_RETURN_TYPE = YES_ERROR;
				GCC_WARN_UNDECLARED_SELECTOR = YES;
				GCC_WARN_UNINITIALIZED_AUTOS = YES_AGGRESSIVE;
				GCC_WARN_UNUSED_FUNCTION = YES;
				GCC_WARN_UNUSED_VARIABLE = YES;
				IPHONEOS_DEPLOYMENT_TARGET = 10.2;
				MTL_ENABLE_DEBUG_INFO = NO;
				SDKROOT = iphoneos;
				TARGETED_DEVICE_FAMILY = "1,2";
				VALIDATE_PRODUCT = YES;
			};
			name = Release;
		};
		193AF83F1E48C03E00F35FE4 /* Debug */ = {
			isa = XCBuildConfiguration;
			buildSettings = {
				ASSETCATALOG_COMPILER_APPICON_NAME = AppIcon;
				CLANG_ENABLE_MODULES = YES;
				CODE_SIGN_ENTITLEMENTS = DiTing/DiTing.entitlements;
				CODE_SIGN_IDENTITY = "Apple Development";
				CODE_SIGN_STYLE = Automatic;
				DEVELOPMENT_TEAM = UA62U3JARN;
				FRAMEWORK_SEARCH_PATHS = (
					"$(inherited)",
					"$(PROJECT_DIR)",
				);
				GCC_PREFIX_HEADER = "$(SRCROOT)/DiTing/PrefixHeader.pch";
				INFOPLIST_FILE = DiTing/Info.plist;
				IPHONEOS_DEPLOYMENT_TARGET = 9.0;
				LD_RUNPATH_SEARCH_PATHS = "$(inherited) @executable_path/Frameworks";
				PRODUCT_BUNDLE_IDENTIFIER = com.xztz.tbsy;
				PRODUCT_NAME = "$(TARGET_NAME)";
				PROVISIONING_PROFILE = "";
				PROVISIONING_PROFILE_SPECIFIER = "";
				SWIFT_OBJC_BRIDGING_HEADER = "DiTing/ModuleUI/Component/DiTing-Bridging-Header.h";
				SWIFT_OPTIMIZATION_LEVEL = "-Onone";
				SWIFT_VERSION = 5.0;
				TARGETED_DEVICE_FAMILY = 1;
			};
			name = Debug;
		};
		193AF8401E48C03E00F35FE4 /* Release */ = {
			isa = XCBuildConfiguration;
			buildSettings = {
				ASSETCATALOG_COMPILER_APPICON_NAME = AppIcon;
				CLANG_ENABLE_MODULES = YES;
				CODE_SIGN_ENTITLEMENTS = DiTing/DiTing.entitlements;
				CODE_SIGN_IDENTITY = "Apple Development";
				CODE_SIGN_STYLE = Automatic;
				DEVELOPMENT_TEAM = UA62U3JARN;
				FRAMEWORK_SEARCH_PATHS = (
					"$(inherited)",
					"$(PROJECT_DIR)",
				);
				GCC_PREFIX_HEADER = "$(SRCROOT)/DiTing/PrefixHeader.pch";
				INFOPLIST_FILE = DiTing/Info.plist;
				IPHONEOS_DEPLOYMENT_TARGET = 9.0;
				LD_RUNPATH_SEARCH_PATHS = "$(inherited) @executable_path/Frameworks";
				PRODUCT_BUNDLE_IDENTIFIER = com.xztz.tbsy;
				PRODUCT_NAME = "$(TARGET_NAME)";
				PROVISIONING_PROFILE = "";
				PROVISIONING_PROFILE_SPECIFIER = "";
				SWIFT_OBJC_BRIDGING_HEADER = "DiTing/ModuleUI/Component/DiTing-Bridging-Header.h";
				SWIFT_VERSION = 5.0;
				TARGETED_DEVICE_FAMILY = 1;
			};
			name = Release;
		};
		193AF8421E48C03E00F35FE4 /* Debug */ = {
			isa = XCBuildConfiguration;
			buildSettings = {
				ALWAYS_EMBED_SWIFT_STANDARD_LIBRARIES = YES;
				BUNDLE_LOADER = "$(TEST_HOST)";
				DEVELOPMENT_TEAM = UA62U3JARN;
				INFOPLIST_FILE = DiTingTests/Info.plist;
				LD_RUNPATH_SEARCH_PATHS = "$(inherited) @executable_path/Frameworks @loader_path/Frameworks";
				PRODUCT_BUNDLE_IDENTIFIER = com.zyn.DiTingTests;
				PRODUCT_NAME = "$(TARGET_NAME)";
				TEST_HOST = "$(BUILT_PRODUCTS_DIR)/DiTing.app/DiTing";
			};
			name = Debug;
		};
		193AF8431E48C03E00F35FE4 /* Release */ = {
			isa = XCBuildConfiguration;
			buildSettings = {
				ALWAYS_EMBED_SWIFT_STANDARD_LIBRARIES = YES;
				BUNDLE_LOADER = "$(TEST_HOST)";
				DEVELOPMENT_TEAM = UA62U3JARN;
				INFOPLIST_FILE = DiTingTests/Info.plist;
				LD_RUNPATH_SEARCH_PATHS = "$(inherited) @executable_path/Frameworks @loader_path/Frameworks";
				PRODUCT_BUNDLE_IDENTIFIER = com.zyn.DiTingTests;
				PRODUCT_NAME = "$(TARGET_NAME)";
				TEST_HOST = "$(BUILT_PRODUCTS_DIR)/DiTing.app/DiTing";
			};
			name = Release;
		};
		193AF8451E48C03E00F35FE4 /* Debug */ = {
			isa = XCBuildConfiguration;
			buildSettings = {
				ALWAYS_EMBED_SWIFT_STANDARD_LIBRARIES = YES;
				DEVELOPMENT_TEAM = UA62U3JARN;
				INFOPLIST_FILE = DiTingUITests/Info.plist;
				LD_RUNPATH_SEARCH_PATHS = "$(inherited) @executable_path/Frameworks @loader_path/Frameworks";
				PRODUCT_BUNDLE_IDENTIFIER = com.zyn.DiTingUITests;
				PRODUCT_NAME = "$(TARGET_NAME)";
				TEST_TARGET_NAME = DiTing;
			};
			name = Debug;
		};
		193AF8461E48C03E00F35FE4 /* Release */ = {
			isa = XCBuildConfiguration;
			buildSettings = {
				ALWAYS_EMBED_SWIFT_STANDARD_LIBRARIES = YES;
				DEVELOPMENT_TEAM = UA62U3JARN;
				INFOPLIST_FILE = DiTingUITests/Info.plist;
				LD_RUNPATH_SEARCH_PATHS = "$(inherited) @executable_path/Frameworks @loader_path/Frameworks";
				PRODUCT_BUNDLE_IDENTIFIER = com.zyn.DiTingUITests;
				PRODUCT_NAME = "$(TARGET_NAME)";
				TEST_TARGET_NAME = DiTing;
			};
			name = Release;
		};
		198BD64B2033138900FEA818 /* Debug */ = {
			isa = XCBuildConfiguration;
			buildSettings = {
				CLANG_ANALYZER_NUMBER_OBJECT_CONVERSION = YES_AGGRESSIVE;
				CLANG_CXX_LANGUAGE_STANDARD = "gnu++14";
				CLANG_WARN_BLOCK_CAPTURE_AUTORELEASING = YES;
				CLANG_WARN_COMMA = YES;
				CLANG_WARN_NON_LITERAL_NULL_CONVERSION = YES;
				CLANG_WARN_OBJC_LITERAL_CONVERSION = YES;
				CLANG_WARN_RANGE_LOOP_ANALYSIS = YES;
				CLANG_WARN_STRICT_PROTOTYPES = YES;
				CLANG_WARN_UNGUARDED_AVAILABILITY = YES_AGGRESSIVE;
				CODE_SIGN_IDENTITY = "iPhone Developer";
				CODE_SIGN_STYLE = Automatic;
				DEVELOPMENT_TEAM = FX625MT89Z;
				GCC_C_LANGUAGE_STANDARD = gnu11;
				INFOPLIST_FILE = DITSiriExtensionUI/Info.plist;
				IPHONEOS_DEPLOYMENT_TARGET = 11.1;
				LD_RUNPATH_SEARCH_PATHS = "$(inherited) @executable_path/Frameworks @executable_path/../../Frameworks";
				PRODUCT_BUNDLE_IDENTIFIER = com.xztz.tbsy.DITSiriExtensionUI;
				PRODUCT_NAME = "$(TARGET_NAME)";
				SKIP_INSTALL = YES;
				TARGETED_DEVICE_FAMILY = "1,2";
			};
			name = Debug;
		};
		198BD64C2033138900FEA818 /* Release */ = {
			isa = XCBuildConfiguration;
			buildSettings = {
				CLANG_ANALYZER_NUMBER_OBJECT_CONVERSION = YES_AGGRESSIVE;
				CLANG_CXX_LANGUAGE_STANDARD = "gnu++14";
				CLANG_WARN_BLOCK_CAPTURE_AUTORELEASING = YES;
				CLANG_WARN_COMMA = YES;
				CLANG_WARN_NON_LITERAL_NULL_CONVERSION = YES;
				CLANG_WARN_OBJC_LITERAL_CONVERSION = YES;
				CLANG_WARN_RANGE_LOOP_ANALYSIS = YES;
				CLANG_WARN_STRICT_PROTOTYPES = YES;
				CLANG_WARN_UNGUARDED_AVAILABILITY = YES_AGGRESSIVE;
				CODE_SIGN_IDENTITY = "iPhone Developer";
				CODE_SIGN_STYLE = Automatic;
				DEVELOPMENT_TEAM = "";
				GCC_C_LANGUAGE_STANDARD = gnu11;
				INFOPLIST_FILE = DITSiriExtensionUI/Info.plist;
				IPHONEOS_DEPLOYMENT_TARGET = 11.1;
				LD_RUNPATH_SEARCH_PATHS = "$(inherited) @executable_path/Frameworks @executable_path/../../Frameworks";
				PRODUCT_BUNDLE_IDENTIFIER = com.xztz.tbsy.DITSiriExtensionUI;
				PRODUCT_NAME = "$(TARGET_NAME)";
				SKIP_INSTALL = YES;
				TARGETED_DEVICE_FAMILY = "1,2";
			};
			name = Release;
		};
		198BD64E2033138900FEA818 /* Debug */ = {
			isa = XCBuildConfiguration;
			buildSettings = {
				CLANG_ANALYZER_NUMBER_OBJECT_CONVERSION = YES_AGGRESSIVE;
				CLANG_CXX_LANGUAGE_STANDARD = "gnu++14";
				CLANG_WARN_BLOCK_CAPTURE_AUTORELEASING = YES;
				CLANG_WARN_COMMA = YES;
				CLANG_WARN_NON_LITERAL_NULL_CONVERSION = YES;
				CLANG_WARN_OBJC_LITERAL_CONVERSION = YES;
				CLANG_WARN_RANGE_LOOP_ANALYSIS = YES;
				CLANG_WARN_STRICT_PROTOTYPES = YES;
				CLANG_WARN_UNGUARDED_AVAILABILITY = YES_AGGRESSIVE;
				CODE_SIGN_IDENTITY = "iPhone Developer";
				CODE_SIGN_STYLE = Automatic;
				DEVELOPMENT_TEAM = FX625MT89Z;
				GCC_C_LANGUAGE_STANDARD = gnu11;
				INFOPLIST_FILE = DITSiriExtension/Info.plist;
				IPHONEOS_DEPLOYMENT_TARGET = 11.1;
				LD_RUNPATH_SEARCH_PATHS = "$(inherited) @executable_path/Frameworks @executable_path/../../Frameworks";
				PRODUCT_BUNDLE_IDENTIFIER = com.xztz.tbsy.DITSiriExtension;
				PRODUCT_NAME = "$(TARGET_NAME)";
				SKIP_INSTALL = YES;
				TARGETED_DEVICE_FAMILY = "1,2";
			};
			name = Debug;
		};
		198BD64F2033138900FEA818 /* Release */ = {
			isa = XCBuildConfiguration;
			buildSettings = {
				CLANG_ANALYZER_NUMBER_OBJECT_CONVERSION = YES_AGGRESSIVE;
				CLANG_CXX_LANGUAGE_STANDARD = "gnu++14";
				CLANG_WARN_BLOCK_CAPTURE_AUTORELEASING = YES;
				CLANG_WARN_COMMA = YES;
				CLANG_WARN_NON_LITERAL_NULL_CONVERSION = YES;
				CLANG_WARN_OBJC_LITERAL_CONVERSION = YES;
				CLANG_WARN_RANGE_LOOP_ANALYSIS = YES;
				CLANG_WARN_STRICT_PROTOTYPES = YES;
				CLANG_WARN_UNGUARDED_AVAILABILITY = YES_AGGRESSIVE;
				CODE_SIGN_IDENTITY = "iPhone Developer";
				CODE_SIGN_STYLE = Automatic;
				DEVELOPMENT_TEAM = "";
				GCC_C_LANGUAGE_STANDARD = gnu11;
				INFOPLIST_FILE = DITSiriExtension/Info.plist;
				IPHONEOS_DEPLOYMENT_TARGET = 11.1;
				LD_RUNPATH_SEARCH_PATHS = "$(inherited) @executable_path/Frameworks @executable_path/../../Frameworks";
				PRODUCT_BUNDLE_IDENTIFIER = com.xztz.tbsy.DITSiriExtension;
				PRODUCT_NAME = "$(TARGET_NAME)";
				SKIP_INSTALL = YES;
				TARGETED_DEVICE_FAMILY = "1,2";
			};
			name = Release;
		};
/* End XCBuildConfiguration section */

/* Begin XCConfigurationList section */
		193AF80C1E48C03E00F35FE4 /* Build configuration list for PBXProject "DiTing" */ = {
			isa = XCConfigurationList;
			buildConfigurations = (
				193AF83C1E48C03E00F35FE4 /* Debug */,
				193AF83D1E48C03E00F35FE4 /* Release */,
			);
			defaultConfigurationIsVisible = 0;
			defaultConfigurationName = Release;
		};
		193AF83E1E48C03E00F35FE4 /* Build configuration list for PBXNativeTarget "DiTing" */ = {
			isa = XCConfigurationList;
			buildConfigurations = (
				193AF83F1E48C03E00F35FE4 /* Debug */,
				193AF8401E48C03E00F35FE4 /* Release */,
			);
			defaultConfigurationIsVisible = 0;
			defaultConfigurationName = Release;
		};
		193AF8411E48C03E00F35FE4 /* Build configuration list for PBXNativeTarget "DiTingTests" */ = {
			isa = XCConfigurationList;
			buildConfigurations = (
				193AF8421E48C03E00F35FE4 /* Debug */,
				193AF8431E48C03E00F35FE4 /* Release */,
			);
			defaultConfigurationIsVisible = 0;
			defaultConfigurationName = Release;
		};
		193AF8441E48C03E00F35FE4 /* Build configuration list for PBXNativeTarget "DiTingUITests" */ = {
			isa = XCConfigurationList;
			buildConfigurations = (
				193AF8451E48C03E00F35FE4 /* Debug */,
				193AF8461E48C03E00F35FE4 /* Release */,
			);
			defaultConfigurationIsVisible = 0;
			defaultConfigurationName = Release;
		};
		198BD64A2033138900FEA818 /* Build configuration list for PBXNativeTarget "DITSiriExtensionUI" */ = {
			isa = XCConfigurationList;
			buildConfigurations = (
				198BD64B2033138900FEA818 /* Debug */,
				198BD64C2033138900FEA818 /* Release */,
			);
			defaultConfigurationIsVisible = 0;
			defaultConfigurationName = Release;
		};
		198BD64D2033138900FEA818 /* Build configuration list for PBXNativeTarget "DITSiriExtension" */ = {
			isa = XCConfigurationList;
			buildConfigurations = (
				198BD64E2033138900FEA818 /* Debug */,
				198BD64F2033138900FEA818 /* Release */,
			);
			defaultConfigurationIsVisible = 0;
			defaultConfigurationName = Release;
		};
/* End XCConfigurationList section */
	};
	rootObject = 193AF8091E48C03E00F35FE4 /* Project object */;
}
